// !$*UTF8*$!
{
	archiveVersion = 1;
	classes = {
	};
	objectVersion = 46;
	objects = {

/* Begin PBXBuildFile section */
		28277E351A4B115E001CCB02 /* AppDelegate.swift in Sources */ = {isa = PBXBuildFile; fileRef = 28277E341A4B115E001CCB02 /* AppDelegate.swift */; };
		28277E3A1A4B115E001CCB02 /* Main.storyboard in Resources */ = {isa = PBXBuildFile; fileRef = 28277E381A4B115E001CCB02 /* Main.storyboard */; };
		28277E3C1A4B115E001CCB02 /* Images.xcassets in Resources */ = {isa = PBXBuildFile; fileRef = 28277E3B1A4B115E001CCB02 /* Images.xcassets */; };
		28277E3F1A4B115E001CCB02 /* LaunchScreen.xib in Resources */ = {isa = PBXBuildFile; fileRef = 28277E3D1A4B115E001CCB02 /* LaunchScreen.xib */; };
		28277E4B1A4B115E001CCB02 /* UinProto2Tests.swift in Sources */ = {isa = PBXBuildFile; fileRef = 28277E4A1A4B115E001CCB02 /* UinProto2Tests.swift */; };
		28277E5E1A4B1175001CCB02 /* Security.framework in Frameworks */ = {isa = PBXBuildFile; fileRef = 28277E551A4B1175001CCB02 /* Security.framework */; };
		28277E5F1A4B1175001CCB02 /* QuartzCore.framework in Frameworks */ = {isa = PBXBuildFile; fileRef = 28277E561A4B1175001CCB02 /* QuartzCore.framework */; };
		28277E601A4B1175001CCB02 /* MobileCoreServices.framework in Frameworks */ = {isa = PBXBuildFile; fileRef = 28277E571A4B1175001CCB02 /* MobileCoreServices.framework */; };
		28277E611A4B1175001CCB02 /* libz.dylib in Frameworks */ = {isa = PBXBuildFile; fileRef = 28277E581A4B1175001CCB02 /* libz.dylib */; };
		28277E621A4B1175001CCB02 /* CoreLocation.framework in Frameworks */ = {isa = PBXBuildFile; fileRef = 28277E591A4B1175001CCB02 /* CoreLocation.framework */; };
		28277E631A4B1175001CCB02 /* CoreGraphics.framework in Frameworks */ = {isa = PBXBuildFile; fileRef = 28277E5A1A4B1175001CCB02 /* CoreGraphics.framework */; };
		28277E641A4B1175001CCB02 /* CFNetwork.framework in Frameworks */ = {isa = PBXBuildFile; fileRef = 28277E5B1A4B1175001CCB02 /* CFNetwork.framework */; };
		28277E651A4B1175001CCB02 /* AudioToolbox.framework in Frameworks */ = {isa = PBXBuildFile; fileRef = 28277E5C1A4B1175001CCB02 /* AudioToolbox.framework */; };
		28277E671A4B1186001CCB02 /* libsqlite3.dylib in Frameworks */ = {isa = PBXBuildFile; fileRef = 28277E661A4B1186001CCB02 /* libsqlite3.dylib */; };
		28277E6E1A4B161C001CCB02 /* UInProto.m in Sources */ = {isa = PBXBuildFile; fileRef = 28277E6D1A4B161C001CCB02 /* UInProto.m */; };
		28277E701A4B1685001CCB02 /* SystemConfiguration.framework in Frameworks */ = {isa = PBXBuildFile; fileRef = 28277E6F1A4B1685001CCB02 /* SystemConfiguration.framework */; };
		28277E761A4B1804001CCB02 /* SignIn.swift in Sources */ = {isa = PBXBuildFile; fileRef = 28277E751A4B1804001CCB02 /* SignIn.swift */; };
		28E653F51A5607CA006E76E5 /* sideview.swift in Sources */ = {isa = PBXBuildFile; fileRef = 28E653F41A5607CA006E76E5 /* sideview.swift */; };
		28E654801A60B9FC006E76E5 /* eventFeedViewController.swift in Sources */ = {isa = PBXBuildFile; fileRef = 28E6547F1A60B9FC006E76E5 /* eventFeedViewController.swift */; };
		28F8364B1A4FB25D00F45A0B /* customcell.swift in Sources */ = {isa = PBXBuildFile; fileRef = 28F8364A1A4FB25D00F45A0B /* customcell.swift */; };
		28F8364D1A4FB3E400F45A0B /* feed.swift in Sources */ = {isa = PBXBuildFile; fileRef = 28F8364C1A4FB3E400F45A0B /* feed.swift */; };
		4FA5EA0AE717E498B01BFEBE /* libPods.a in Frameworks */ = {isa = PBXBuildFile; fileRef = 119BEED4DA993FF18EDC1A66 /* libPods.a */; };
		6107097F1A7028DD000ED950 /* Parse.framework in Frameworks */ = {isa = PBXBuildFile; fileRef = 6107097E1A7028DD000ED950 /* Parse.framework */; };
		61144F1C1AA299330034018A /* Podfile in Resources */ = {isa = PBXBuildFile; fileRef = 61144F1B1AA299330034018A /* Podfile */; };
		61144F201AA299F50034018A /* Social.framework in Frameworks */ = {isa = PBXBuildFile; fileRef = 61144F1F1AA299F50034018A /* Social.framework */; };
		61144F221AA29A010034018A /* Accounts.framework in Frameworks */ = {isa = PBXBuildFile; fileRef = 61144F211AA29A010034018A /* Accounts.framework */; };
		61268C1E1A910AB300009E07 /* dateCell.swift in Sources */ = {isa = PBXBuildFile; fileRef = 61268C1D1A910AB300009E07 /* dateCell.swift */; };
		6136E5E81A9958C7009503A4 /* footerCell.swift in Sources */ = {isa = PBXBuildFile; fileRef = 6136E5E71A9958C7009503A4 /* footerCell.swift */; };
		6141F7EE1AA24B1B00602D7A /* loginOptions.swift in Sources */ = {isa = PBXBuildFile; fileRef = 6141F7EC1AA24A5400602D7A /* loginOptions.swift */; };
		614F49A71A8FFD4300E6245A /* notifcationCells.swift in Sources */ = {isa = PBXBuildFile; fileRef = 614F49A61A8FFD4300E6245A /* notifcationCells.swift */; };
		6172E1FF1A97C49200F17629 /* eventMake.swift in Sources */ = {isa = PBXBuildFile; fileRef = 28E654811A60C1AD006E76E5 /* eventMake.swift */; };
		6199B0C01A97E3C40091F9A6 /* profileCell.swift in Sources */ = {isa = PBXBuildFile; fileRef = 6199B0BF1A97E3C40091F9A6 /* profileCell.swift */; };
		61A4E77C1A7E7A690041FB13 /* userprofile.swift in Sources */ = {isa = PBXBuildFile; fileRef = 61A4E77B1A7E7A690041FB13 /* userprofile.swift */; };
		61A4E77F1A7E84920041FB13 /* register.swift in Sources */ = {isa = PBXBuildFile; fileRef = 28277E771A4B1D0E001CCB02 /* register.swift */; };
		61AFFF4F1A7ED7C400858273 /* subscriberlist.swift in Sources */ = {isa = PBXBuildFile; fileRef = 61AFFF4E1A7ED7C400858273 /* subscriberlist.swift */; };
		61AFFF511A7EE2AD00858273 /* subscriptions.swift in Sources */ = {isa = PBXBuildFile; fileRef = 61AFFF501A7EE2AD00858273 /* subscriptions.swift */; };
		61AFFF531A7EE6A800858273 /* datepickers.swift in Sources */ = {isa = PBXBuildFile; fileRef = 61AFFF521A7EE6A800858273 /* datepickers.swift */; };
		61B451551A9EB74200285930 /* FacebookSDK.framework in Frameworks */ = {isa = PBXBuildFile; fileRef = 61B451541A9EB74200285930 /* FacebookSDK.framework */; };
		61B451571A9EB7C900285930 /* ParseFacebookUtils.framework in Frameworks */ = {isa = PBXBuildFile; fileRef = 61B451561A9EB7C900285930 /* ParseFacebookUtils.framework */; };
		61B634C71A7F1E5F00139F60 /* FollowCell.swift in Sources */ = {isa = PBXBuildFile; fileRef = 61AFFF4C1A7ED66300858273 /* FollowCell.swift */; };
		61BFF8211A8FDF6C00E2D059 /* notificationsView.swift in Sources */ = {isa = PBXBuildFile; fileRef = 61BFF8201A8FDF6C00E2D059 /* notificationsView.swift */; };
		61D597701A7499CB009A4ECE /* MyProfile.swift in Sources */ = {isa = PBXBuildFile; fileRef = 613069F11A745289001CAF4F /* MyProfile.swift */; };
		61EA5F621A91891B002B1998 /* eventCell.swift in Sources */ = {isa = PBXBuildFile; fileRef = 28E6547D1A60B9C8006E76E5 /* eventCell.swift */; };
		61EA5F641A918E00002B1998 /* settingsView.swift in Sources */ = {isa = PBXBuildFile; fileRef = 61EA5F631A918E00002B1998 /* settingsView.swift */; };
		61F70F4E1A842C7400956DD3 /* EventView.swift in Sources */ = {isa = PBXBuildFile; fileRef = 618CE0131A76F4A400FF493C /* EventView.swift */; };
/* End PBXBuildFile section */

/* Begin PBXContainerItemProxy section */
		28277E451A4B115E001CCB02 /* PBXContainerItemProxy */ = {
			isa = PBXContainerItemProxy;
			containerPortal = 28277E271A4B115E001CCB02 /* Project object */;
			proxyType = 1;
			remoteGlobalIDString = 28277E2E1A4B115E001CCB02;
			remoteInfo = UinProto2;
		};
/* End PBXContainerItemProxy section */

/* Begin PBXFileReference section */
		119BEED4DA993FF18EDC1A66 /* libPods.a */ = {isa = PBXFileReference; explicitFileType = archive.ar; includeInIndex = 0; path = libPods.a; sourceTree = BUILT_PRODUCTS_DIR; };
		28277E2F1A4B115E001CCB02 /* UinProto2.app */ = {isa = PBXFileReference; explicitFileType = wrapper.application; includeInIndex = 0; path = UinProto2.app; sourceTree = BUILT_PRODUCTS_DIR; };
		28277E331A4B115E001CCB02 /* Info.plist */ = {isa = PBXFileReference; lastKnownFileType = text.plist.xml; path = Info.plist; sourceTree = "<group>"; };
		28277E341A4B115E001CCB02 /* AppDelegate.swift */ = {isa = PBXFileReference; lastKnownFileType = sourcecode.swift; path = AppDelegate.swift; sourceTree = "<group>"; };
		28277E391A4B115E001CCB02 /* Base */ = {isa = PBXFileReference; lastKnownFileType = file.storyboard; name = Base; path = Base.lproj/Main.storyboard; sourceTree = "<group>"; };
		28277E3B1A4B115E001CCB02 /* Images.xcassets */ = {isa = PBXFileReference; lastKnownFileType = folder.assetcatalog; path = Images.xcassets; sourceTree = "<group>"; };
		28277E3E1A4B115E001CCB02 /* Base */ = {isa = PBXFileReference; lastKnownFileType = file.xib; name = Base; path = Base.lproj/LaunchScreen.xib; sourceTree = "<group>"; };
		28277E441A4B115E001CCB02 /* UinProto2Tests.xctest */ = {isa = PBXFileReference; explicitFileType = wrapper.cfbundle; includeInIndex = 0; path = UinProto2Tests.xctest; sourceTree = BUILT_PRODUCTS_DIR; };
		28277E491A4B115E001CCB02 /* Info.plist */ = {isa = PBXFileReference; lastKnownFileType = text.plist.xml; path = Info.plist; sourceTree = "<group>"; };
		28277E4A1A4B115E001CCB02 /* UinProto2Tests.swift */ = {isa = PBXFileReference; lastKnownFileType = sourcecode.swift; path = UinProto2Tests.swift; sourceTree = "<group>"; };
		28277E551A4B1175001CCB02 /* Security.framework */ = {isa = PBXFileReference; lastKnownFileType = wrapper.framework; name = Security.framework; path = System/Library/Frameworks/Security.framework; sourceTree = SDKROOT; };
		28277E561A4B1175001CCB02 /* QuartzCore.framework */ = {isa = PBXFileReference; lastKnownFileType = wrapper.framework; name = QuartzCore.framework; path = System/Library/Frameworks/QuartzCore.framework; sourceTree = SDKROOT; };
		28277E571A4B1175001CCB02 /* MobileCoreServices.framework */ = {isa = PBXFileReference; lastKnownFileType = wrapper.framework; name = MobileCoreServices.framework; path = System/Library/Frameworks/MobileCoreServices.framework; sourceTree = SDKROOT; };
		28277E581A4B1175001CCB02 /* libz.dylib */ = {isa = PBXFileReference; lastKnownFileType = "compiled.mach-o.dylib"; name = libz.dylib; path = usr/lib/libz.dylib; sourceTree = SDKROOT; };
		28277E591A4B1175001CCB02 /* CoreLocation.framework */ = {isa = PBXFileReference; lastKnownFileType = wrapper.framework; name = CoreLocation.framework; path = System/Library/Frameworks/CoreLocation.framework; sourceTree = SDKROOT; };
		28277E5A1A4B1175001CCB02 /* CoreGraphics.framework */ = {isa = PBXFileReference; lastKnownFileType = wrapper.framework; name = CoreGraphics.framework; path = System/Library/Frameworks/CoreGraphics.framework; sourceTree = SDKROOT; };
		28277E5B1A4B1175001CCB02 /* CFNetwork.framework */ = {isa = PBXFileReference; lastKnownFileType = wrapper.framework; name = CFNetwork.framework; path = System/Library/Frameworks/CFNetwork.framework; sourceTree = SDKROOT; };
		28277E5C1A4B1175001CCB02 /* AudioToolbox.framework */ = {isa = PBXFileReference; lastKnownFileType = wrapper.framework; name = AudioToolbox.framework; path = System/Library/Frameworks/AudioToolbox.framework; sourceTree = SDKROOT; };
		28277E661A4B1186001CCB02 /* libsqlite3.dylib */ = {isa = PBXFileReference; lastKnownFileType = "compiled.mach-o.dylib"; name = libsqlite3.dylib; path = usr/lib/libsqlite3.dylib; sourceTree = SDKROOT; };
		28277E6C1A4B161B001CCB02 /* UinProto2-Bridging-Header.h */ = {isa = PBXFileReference; lastKnownFileType = sourcecode.c.h; path = "UinProto2-Bridging-Header.h"; sourceTree = "<group>"; };
		28277E6D1A4B161C001CCB02 /* UInProto.m */ = {isa = PBXFileReference; fileEncoding = 4; lastKnownFileType = sourcecode.c.objc; path = UInProto.m; sourceTree = "<group>"; };
		28277E6F1A4B1685001CCB02 /* SystemConfiguration.framework */ = {isa = PBXFileReference; lastKnownFileType = wrapper.framework; name = SystemConfiguration.framework; path = System/Library/Frameworks/SystemConfiguration.framework; sourceTree = SDKROOT; };
		28277E751A4B1804001CCB02 /* SignIn.swift */ = {isa = PBXFileReference; fileEncoding = 4; lastKnownFileType = sourcecode.swift; path = SignIn.swift; sourceTree = "<group>"; };
		28277E771A4B1D0E001CCB02 /* register.swift */ = {isa = PBXFileReference; fileEncoding = 4; lastKnownFileType = sourcecode.swift; path = register.swift; sourceTree = "<group>"; };
		28E653F41A5607CA006E76E5 /* sideview.swift */ = {isa = PBXFileReference; fileEncoding = 4; lastKnownFileType = sourcecode.swift; path = sideview.swift; sourceTree = "<group>"; };
		28E6547D1A60B9C8006E76E5 /* eventCell.swift */ = {isa = PBXFileReference; fileEncoding = 4; lastKnownFileType = sourcecode.swift; name = eventCell.swift; path = ../eventCell.swift; sourceTree = "<group>"; };
		28E6547F1A60B9FC006E76E5 /* eventFeedViewController.swift */ = {isa = PBXFileReference; fileEncoding = 4; lastKnownFileType = sourcecode.swift; path = eventFeedViewController.swift; sourceTree = "<group>"; };
		28E654811A60C1AD006E76E5 /* eventMake.swift */ = {isa = PBXFileReference; fileEncoding = 4; lastKnownFileType = sourcecode.swift; path = eventMake.swift; sourceTree = "<group>"; };
		28F8364A1A4FB25D00F45A0B /* customcell.swift */ = {isa = PBXFileReference; fileEncoding = 4; lastKnownFileType = sourcecode.swift; path = customcell.swift; sourceTree = "<group>"; };
		28F8364C1A4FB3E400F45A0B /* feed.swift */ = {isa = PBXFileReference; fileEncoding = 4; lastKnownFileType = sourcecode.swift; path = feed.swift; sourceTree = "<group>"; };
		6107097E1A7028DD000ED950 /* Parse.framework */ = {isa = PBXFileReference; lastKnownFileType = wrapper.framework; path = Parse.framework; sourceTree = "<group>"; };
		61144F1B1AA299330034018A /* Podfile */ = {isa = PBXFileReference; fileEncoding = 4; lastKnownFileType = text; path = Podfile; sourceTree = "<group>"; };
		61144F1D1AA299EC0034018A /* libPods-Mixpanel.a */ = {isa = PBXFileReference; lastKnownFileType = archive.ar; name = "libPods-Mixpanel.a"; path = "UinProto2/Pods/build/Debug-iphoneos/libPods-Mixpanel.a"; sourceTree = "<group>"; };
		61144F1F1AA299F50034018A /* Social.framework */ = {isa = PBXFileReference; lastKnownFileType = wrapper.framework; name = Social.framework; path = System/Library/Frameworks/Social.framework; sourceTree = SDKROOT; };
		61144F211AA29A010034018A /* Accounts.framework */ = {isa = PBXFileReference; lastKnownFileType = wrapper.framework; name = Accounts.framework; path = System/Library/Frameworks/Accounts.framework; sourceTree = SDKROOT; };
		61268C1D1A910AB300009E07 /* dateCell.swift */ = {isa = PBXFileReference; fileEncoding = 4; lastKnownFileType = sourcecode.swift; path = dateCell.swift; sourceTree = "<group>"; };
		613069F11A745289001CAF4F /* MyProfile.swift */ = {isa = PBXFileReference; fileEncoding = 4; lastKnownFileType = sourcecode.swift; name = MyProfile.swift; path = ../MyProfile.swift; sourceTree = "<group>"; };
		6136E5E71A9958C7009503A4 /* footerCell.swift */ = {isa = PBXFileReference; fileEncoding = 4; lastKnownFileType = sourcecode.swift; path = footerCell.swift; sourceTree = "<group>"; };
		6141F7EC1AA24A5400602D7A /* loginOptions.swift */ = {isa = PBXFileReference; fileEncoding = 4; lastKnownFileType = sourcecode.swift; path = loginOptions.swift; sourceTree = "<group>"; };
		614F49A61A8FFD4300E6245A /* notifcationCells.swift */ = {isa = PBXFileReference; fileEncoding = 4; lastKnownFileType = sourcecode.swift; path = notifcationCells.swift; sourceTree = "<group>"; };
		618CE0131A76F4A400FF493C /* EventView.swift */ = {isa = PBXFileReference; fileEncoding = 4; lastKnownFileType = sourcecode.swift; path = EventView.swift; sourceTree = "<group>"; };
		6199B0BF1A97E3C40091F9A6 /* profileCell.swift */ = {isa = PBXFileReference; fileEncoding = 4; lastKnownFileType = sourcecode.swift; path = profileCell.swift; sourceTree = "<group>"; };
		61A4E77B1A7E7A690041FB13 /* userprofile.swift */ = {isa = PBXFileReference; fileEncoding = 4; lastKnownFileType = sourcecode.swift; path = userprofile.swift; sourceTree = "<group>"; };
		61AFFF4C1A7ED66300858273 /* FollowCell.swift */ = {isa = PBXFileReference; fileEncoding = 4; lastKnownFileType = sourcecode.swift; path = FollowCell.swift; sourceTree = "<group>"; };
		61AFFF4E1A7ED7C400858273 /* subscriberlist.swift */ = {isa = PBXFileReference; fileEncoding = 4; lastKnownFileType = sourcecode.swift; path = subscriberlist.swift; sourceTree = "<group>"; };
		61AFFF501A7EE2AD00858273 /* subscriptions.swift */ = {isa = PBXFileReference; fileEncoding = 4; lastKnownFileType = sourcecode.swift; path = subscriptions.swift; sourceTree = "<group>"; };
		61AFFF521A7EE6A800858273 /* datepickers.swift */ = {isa = PBXFileReference; fileEncoding = 4; lastKnownFileType = sourcecode.swift; path = datepickers.swift; sourceTree = "<group>"; };
		61B451541A9EB74200285930 /* FacebookSDK.framework */ = {isa = PBXFileReference; lastKnownFileType = wrapper.framework; path = FacebookSDK.framework; sourceTree = "<group>"; };
		61B451561A9EB7C900285930 /* ParseFacebookUtils.framework */ = {isa = PBXFileReference; lastKnownFileType = wrapper.framework; path = ParseFacebookUtils.framework; sourceTree = "<group>"; };
		61BFF8201A8FDF6C00E2D059 /* notificationsView.swift */ = {isa = PBXFileReference; fileEncoding = 4; lastKnownFileType = sourcecode.swift; path = notificationsView.swift; sourceTree = "<group>"; };
		61EA5F631A918E00002B1998 /* settingsView.swift */ = {isa = PBXFileReference; fileEncoding = 4; lastKnownFileType = sourcecode.swift; path = settingsView.swift; sourceTree = "<group>"; };
		BFF64F43CD26D75E1C820539 /* Pods.debug.xcconfig */ = {isa = PBXFileReference; includeInIndex = 1; lastKnownFileType = text.xcconfig; name = Pods.debug.xcconfig; path = "UinProto2/Pods/Target Support Files/Pods/Pods.debug.xcconfig"; sourceTree = "<group>"; };
		D15603B83CDC98572D79F2CD /* Pods.release.xcconfig */ = {isa = PBXFileReference; includeInIndex = 1; lastKnownFileType = text.xcconfig; name = Pods.release.xcconfig; path = "UinProto2/Pods/Target Support Files/Pods/Pods.release.xcconfig"; sourceTree = "<group>"; };
/* End PBXFileReference section */

/* Begin PBXFrameworksBuildPhase section */
		28277E2C1A4B115E001CCB02 /* Frameworks */ = {
			isa = PBXFrameworksBuildPhase;
			buildActionMask = 2147483647;
			files = (
				61144F221AA29A010034018A /* Accounts.framework in Frameworks */,
				61144F201AA299F50034018A /* Social.framework in Frameworks */,
				28277E621A4B1175001CCB02 /* CoreLocation.framework in Frameworks */,
				28277E5E1A4B1175001CCB02 /* Security.framework in Frameworks */,
				28277E641A4B1175001CCB02 /* CFNetwork.framework in Frameworks */,
				28277E611A4B1175001CCB02 /* libz.dylib in Frameworks */,
				28277E631A4B1175001CCB02 /* CoreGraphics.framework in Frameworks */,
				28277E701A4B1685001CCB02 /* SystemConfiguration.framework in Frameworks */,
				28277E651A4B1175001CCB02 /* AudioToolbox.framework in Frameworks */,
				61B451571A9EB7C900285930 /* ParseFacebookUtils.framework in Frameworks */,
				28277E601A4B1175001CCB02 /* MobileCoreServices.framework in Frameworks */,
				6107097F1A7028DD000ED950 /* Parse.framework in Frameworks */,
				61B451551A9EB74200285930 /* FacebookSDK.framework in Frameworks */,
				28277E671A4B1186001CCB02 /* libsqlite3.dylib in Frameworks */,
				28277E5F1A4B1175001CCB02 /* QuartzCore.framework in Frameworks */,
				4FA5EA0AE717E498B01BFEBE /* libPods.a in Frameworks */,
			);
			runOnlyForDeploymentPostprocessing = 0;
		};
		28277E411A4B115E001CCB02 /* Frameworks */ = {
			isa = PBXFrameworksBuildPhase;
			buildActionMask = 2147483647;
			files = (
			);
			runOnlyForDeploymentPostprocessing = 0;
		};
/* End PBXFrameworksBuildPhase section */

/* Begin PBXGroup section */
		28277E261A4B115E001CCB02 = {
			isa = PBXGroup;
			children = (
				6199B0BF1A97E3C40091F9A6 /* profileCell.swift */,
				28277E661A4B1186001CCB02 /* libsqlite3.dylib */,
				28277E581A4B1175001CCB02 /* libz.dylib */,
				61B451561A9EB7C900285930 /* ParseFacebookUtils.framework */,
				61B451541A9EB74200285930 /* FacebookSDK.framework */,
				28277E5B1A4B1175001CCB02 /* CFNetwork.framework */,
				28277E5C1A4B1175001CCB02 /* AudioToolbox.framework */,
				28277E5A1A4B1175001CCB02 /* CoreGraphics.framework */,
				28277E591A4B1175001CCB02 /* CoreLocation.framework */,
				28277E571A4B1175001CCB02 /* MobileCoreServices.framework */,
				28277E561A4B1175001CCB02 /* QuartzCore.framework */,
				28277E551A4B1175001CCB02 /* Security.framework */,
				28277E6F1A4B1685001CCB02 /* SystemConfiguration.framework */,
				28277E311A4B115E001CCB02 /* UinProto2 */,
				28277E471A4B115E001CCB02 /* UinProto2Tests */,
				28277E301A4B115E001CCB02 /* Products */,
				6107097E1A7028DD000ED950 /* Parse.framework */,
				B9FAADC1774AEBCBAA29D0E8 /* Pods */,
				CE893B16E1A0D72BE6FC7F44 /* Frameworks */,
			);
			sourceTree = "<group>";
		};
		28277E301A4B115E001CCB02 /* Products */ = {
			isa = PBXGroup;
			children = (
				28277E2F1A4B115E001CCB02 /* UinProto2.app */,
				28277E441A4B115E001CCB02 /* UinProto2Tests.xctest */,
			);
			name = Products;
			sourceTree = "<group>";
		};
		28277E311A4B115E001CCB02 /* UinProto2 */ = {
			isa = PBXGroup;
			children = (
				613069F11A745289001CAF4F /* MyProfile.swift */,
				28E6547D1A60B9C8006E76E5 /* eventCell.swift */,
				28277E341A4B115E001CCB02 /* AppDelegate.swift */,
				28277E751A4B1804001CCB02 /* SignIn.swift */,
				28277E381A4B115E001CCB02 /* Main.storyboard */,
				6136E5E71A9958C7009503A4 /* footerCell.swift */,
				61EA5F631A918E00002B1998 /* settingsView.swift */,
				614F49A61A8FFD4300E6245A /* notifcationCells.swift */,
				61AFFF521A7EE6A800858273 /* datepickers.swift */,
				28277E771A4B1D0E001CCB02 /* register.swift */,
				6141F7EC1AA24A5400602D7A /* loginOptions.swift */,
				61AFFF501A7EE2AD00858273 /* subscriptions.swift */,
				61AFFF4E1A7ED7C400858273 /* subscriberlist.swift */,
				61BFF8201A8FDF6C00E2D059 /* notificationsView.swift */,
				61AFFF4C1A7ED66300858273 /* FollowCell.swift */,
				61A4E77B1A7E7A690041FB13 /* userprofile.swift */,
				61144F1B1AA299330034018A /* Podfile */,
				61268C1D1A910AB300009E07 /* dateCell.swift */,
				28E654811A60C1AD006E76E5 /* eventMake.swift */,
				28E6547F1A60B9FC006E76E5 /* eventFeedViewController.swift */,
				618CE0131A76F4A400FF493C /* EventView.swift */,
				28E653F41A5607CA006E76E5 /* sideview.swift */,
				28F8364C1A4FB3E400F45A0B /* feed.swift */,
				28F8364A1A4FB25D00F45A0B /* customcell.swift */,
				28277E6D1A4B161C001CCB02 /* UInProto.m */,
				28277E3B1A4B115E001CCB02 /* Images.xcassets */,
				28277E3D1A4B115E001CCB02 /* LaunchScreen.xib */,
				28277E6C1A4B161B001CCB02 /* UinProto2-Bridging-Header.h */,
				28277E321A4B115E001CCB02 /* Supporting Files */,
			);
			path = UinProto2;
			sourceTree = "<group>";
		};
		28277E321A4B115E001CCB02 /* Supporting Files */ = {
			isa = PBXGroup;
			children = (
				28277E331A4B115E001CCB02 /* Info.plist */,
			);
			name = "Supporting Files";
			sourceTree = "<group>";
		};
		28277E471A4B115E001CCB02 /* UinProto2Tests */ = {
			isa = PBXGroup;
			children = (
				28277E4A1A4B115E001CCB02 /* UinProto2Tests.swift */,
				28277E481A4B115E001CCB02 /* Supporting Files */,
			);
			path = UinProto2Tests;
			sourceTree = "<group>";
		};
		28277E481A4B115E001CCB02 /* Supporting Files */ = {
			isa = PBXGroup;
			children = (
				28277E491A4B115E001CCB02 /* Info.plist */,
			);
			name = "Supporting Files";
			sourceTree = "<group>";
		};
		B9FAADC1774AEBCBAA29D0E8 /* Pods */ = {
			isa = PBXGroup;
			children = (
				BFF64F43CD26D75E1C820539 /* Pods.debug.xcconfig */,
				D15603B83CDC98572D79F2CD /* Pods.release.xcconfig */,
			);
			name = Pods;
			sourceTree = "<group>";
		};
		CE893B16E1A0D72BE6FC7F44 /* Frameworks */ = {
			isa = PBXGroup;
			children = (
				61144F211AA29A010034018A /* Accounts.framework */,
				61144F1F1AA299F50034018A /* Social.framework */,
				61144F1D1AA299EC0034018A /* libPods-Mixpanel.a */,
				119BEED4DA993FF18EDC1A66 /* libPods.a */,
			);
			name = Frameworks;
			sourceTree = "<group>";
		};
/* End PBXGroup section */

/* Begin PBXNativeTarget section */
		28277E2E1A4B115E001CCB02 /* UinProto2 */ = {
			isa = PBXNativeTarget;
			buildConfigurationList = 28277E4E1A4B115E001CCB02 /* Build configuration list for PBXNativeTarget "UinProto2" */;
			buildPhases = (
				409A39E3119E2E0457E54945 /* Check Pods Manifest.lock */,
				28277E2B1A4B115E001CCB02 /* Sources */,
				28277E2C1A4B115E001CCB02 /* Frameworks */,
				28277E2D1A4B115E001CCB02 /* Resources */,
				15A624E520A3CB76F430ACCC /* Copy Pods Resources */,
			);
			buildRules = (
			);
			dependencies = (
			);
			name = UinProto2;
			productName = UinProto2;
			productReference = 28277E2F1A4B115E001CCB02 /* UinProto2.app */;
			productType = "com.apple.product-type.application";
		};
		28277E431A4B115E001CCB02 /* UinProto2Tests */ = {
			isa = PBXNativeTarget;
			buildConfigurationList = 28277E511A4B115E001CCB02 /* Build configuration list for PBXNativeTarget "UinProto2Tests" */;
			buildPhases = (
				28277E401A4B115E001CCB02 /* Sources */,
				28277E411A4B115E001CCB02 /* Frameworks */,
				28277E421A4B115E001CCB02 /* Resources */,
			);
			buildRules = (
			);
			dependencies = (
				28277E461A4B115E001CCB02 /* PBXTargetDependency */,
			);
			name = UinProto2Tests;
			productName = UinProto2Tests;
			productReference = 28277E441A4B115E001CCB02 /* UinProto2Tests.xctest */;
			productType = "com.apple.product-type.bundle.unit-test";
		};
/* End PBXNativeTarget section */

/* Begin PBXProject section */
		28277E271A4B115E001CCB02 /* Project object */ = {
			isa = PBXProject;
			attributes = {
				LastUpgradeCheck = 0620;
				ORGANIZATIONNAME = "Kareem Dasilva";
				TargetAttributes = {
					28277E2E1A4B115E001CCB02 = {
						CreatedOnToolsVersion = 6.2;
						DevelopmentTeam = C59F79Z942;
						SystemCapabilities = {
							com.apple.InAppPurchase = {
								enabled = 0;
							};
						};
					};
					28277E431A4B115E001CCB02 = {
						CreatedOnToolsVersion = 6.2;
						DevelopmentTeam = C59F79Z942;
						TestTargetID = 28277E2E1A4B115E001CCB02;
					};
				};
			};
			buildConfigurationList = 28277E2A1A4B115E001CCB02 /* Build configuration list for PBXProject "Uinproto2" */;
			compatibilityVersion = "Xcode 3.2";
			developmentRegion = English;
			hasScannedForEncodings = 0;
			knownRegions = (
				en,
				Base,
			);
			mainGroup = 28277E261A4B115E001CCB02;
			productRefGroup = 28277E301A4B115E001CCB02 /* Products */;
			projectDirPath = "";
			projectRoot = "";
			targets = (
				28277E2E1A4B115E001CCB02 /* UinProto2 */,
				28277E431A4B115E001CCB02 /* UinProto2Tests */,
			);
		};
/* End PBXProject section */

/* Begin PBXResourcesBuildPhase section */
		28277E2D1A4B115E001CCB02 /* Resources */ = {
			isa = PBXResourcesBuildPhase;
			buildActionMask = 2147483647;
			files = (
				28277E3A1A4B115E001CCB02 /* Main.storyboard in Resources */,
				28277E3F1A4B115E001CCB02 /* LaunchScreen.xib in Resources */,
				61144F1C1AA299330034018A /* Podfile in Resources */,
				28277E3C1A4B115E001CCB02 /* Images.xcassets in Resources */,
			);
			runOnlyForDeploymentPostprocessing = 0;
		};
		28277E421A4B115E001CCB02 /* Resources */ = {
			isa = PBXResourcesBuildPhase;
			buildActionMask = 2147483647;
			files = (
			);
			runOnlyForDeploymentPostprocessing = 0;
		};
/* End PBXResourcesBuildPhase section */

/* Begin PBXShellScriptBuildPhase section */
		15A624E520A3CB76F430ACCC /* Copy Pods Resources */ = {
			isa = PBXShellScriptBuildPhase;
			buildActionMask = 2147483647;
			files = (
			);
			inputPaths = (
			);
			name = "Copy Pods Resources";
			outputPaths = (
			);
			runOnlyForDeploymentPostprocessing = 0;
			shellPath = /bin/sh;
			shellScript = "\"${SRCROOT}/UinProto2/Pods/Target Support Files/Pods/Pods-resources.sh\"\n";
			showEnvVarsInLog = 0;
		};
		409A39E3119E2E0457E54945 /* Check Pods Manifest.lock */ = {
			isa = PBXShellScriptBuildPhase;
			buildActionMask = 2147483647;
			files = (
			);
			inputPaths = (
			);
			name = "Check Pods Manifest.lock";
			outputPaths = (
			);
			runOnlyForDeploymentPostprocessing = 0;
			shellPath = /bin/sh;
			shellScript = "diff \"${PODS_ROOT}/../Podfile.lock\" \"${PODS_ROOT}/Manifest.lock\" > /dev/null\nif [[ $? != 0 ]] ; then\n    cat << EOM\nerror: The sandbox is not in sync with the Podfile.lock. Run 'pod install' or update your CocoaPods installation.\nEOM\n    exit 1\nfi\n";
			showEnvVarsInLog = 0;
		};
/* End PBXShellScriptBuildPhase section */

/* Begin PBXSourcesBuildPhase section */
		28277E2B1A4B115E001CCB02 /* Sources */ = {
			isa = PBXSourcesBuildPhase;
			buildActionMask = 2147483647;
			files = (
				6141F7EE1AA24B1B00602D7A /* loginOptions.swift in Sources */,
				6172E1FF1A97C49200F17629 /* eventMake.swift in Sources */,
				61EA5F621A91891B002B1998 /* eventCell.swift in Sources */,
				6136E5E81A9958C7009503A4 /* footerCell.swift in Sources */,
				614F49A71A8FFD4300E6245A /* notifcationCells.swift in Sources */,
				61F70F4E1A842C7400956DD3 /* EventView.swift in Sources */,
				61268C1E1A910AB300009E07 /* dateCell.swift in Sources */,
				61B634C71A7F1E5F00139F60 /* FollowCell.swift in Sources */,
				61BFF8211A8FDF6C00E2D059 /* notificationsView.swift in Sources */,
				61A4E77F1A7E84920041FB13 /* register.swift in Sources */,
				61D597701A7499CB009A4ECE /* MyProfile.swift in Sources */,
				28E654801A60B9FC006E76E5 /* eventFeedViewController.swift in Sources */,
				28F8364B1A4FB25D00F45A0B /* customcell.swift in Sources */,
				28E653F51A5607CA006E76E5 /* sideview.swift in Sources */,
				6199B0C01A97E3C40091F9A6 /* profileCell.swift in Sources */,
				61AFFF531A7EE6A800858273 /* datepickers.swift in Sources */,
				28F8364D1A4FB3E400F45A0B /* feed.swift in Sources */,
				28277E6E1A4B161C001CCB02 /* UInProto.m in Sources */,
				28277E761A4B1804001CCB02 /* SignIn.swift in Sources */,
				61A4E77C1A7E7A690041FB13 /* userprofile.swift in Sources */,
				61AFFF4F1A7ED7C400858273 /* subscriberlist.swift in Sources */,
				61AFFF511A7EE2AD00858273 /* subscriptions.swift in Sources */,
				28277E351A4B115E001CCB02 /* AppDelegate.swift in Sources */,
				61EA5F641A918E00002B1998 /* settingsView.swift in Sources */,
			);
			runOnlyForDeploymentPostprocessing = 0;
		};
		28277E401A4B115E001CCB02 /* Sources */ = {
			isa = PBXSourcesBuildPhase;
			buildActionMask = 2147483647;
			files = (
				28277E4B1A4B115E001CCB02 /* UinProto2Tests.swift in Sources */,
			);
			runOnlyForDeploymentPostprocessing = 0;
		};
/* End PBXSourcesBuildPhase section */

/* Begin PBXTargetDependency section */
		28277E461A4B115E001CCB02 /* PBXTargetDependency */ = {
			isa = PBXTargetDependency;
			target = 28277E2E1A4B115E001CCB02 /* UinProto2 */;
			targetProxy = 28277E451A4B115E001CCB02 /* PBXContainerItemProxy */;
		};
/* End PBXTargetDependency section */

/* Begin PBXVariantGroup section */
		28277E381A4B115E001CCB02 /* Main.storyboard */ = {
			isa = PBXVariantGroup;
			children = (
				28277E391A4B115E001CCB02 /* Base */,
			);
			name = Main.storyboard;
			sourceTree = "<group>";
		};
		28277E3D1A4B115E001CCB02 /* LaunchScreen.xib */ = {
			isa = PBXVariantGroup;
			children = (
				28277E3E1A4B115E001CCB02 /* Base */,
			);
			name = LaunchScreen.xib;
			sourceTree = "<group>";
		};
/* End PBXVariantGroup section */

/* Begin XCBuildConfiguration section */
		28277E4C1A4B115E001CCB02 /* Debug */ = {
			isa = XCBuildConfiguration;
			buildSettings = {
				ALWAYS_SEARCH_USER_PATHS = NO;
				CLANG_CXX_LANGUAGE_STANDARD = "gnu++0x";
				CLANG_CXX_LIBRARY = "libc++";
				CLANG_ENABLE_MODULES = YES;
				CLANG_ENABLE_OBJC_ARC = YES;
				CLANG_WARN_BOOL_CONVERSION = YES;
				CLANG_WARN_CONSTANT_CONVERSION = YES;
				CLANG_WARN_DIRECT_OBJC_ISA_USAGE = YES_ERROR;
				CLANG_WARN_EMPTY_BODY = YES;
				CLANG_WARN_ENUM_CONVERSION = YES;
				CLANG_WARN_INT_CONVERSION = YES;
				CLANG_WARN_OBJC_ROOT_CLASS = YES_ERROR;
				CLANG_WARN_UNREACHABLE_CODE = YES;
				CLANG_WARN__DUPLICATE_METHOD_MATCH = YES;
				CODE_SIGN_IDENTITY = "iPhone Developer: Cole Roe (33XBMXDS77)";
				"CODE_SIGN_IDENTITY[sdk=iphoneos*]" = "iPhone Developer: Cole Roe (33XBMXDS77)";
				COPY_PHASE_STRIP = NO;
				ENABLE_STRICT_OBJC_MSGSEND = YES;
				GCC_C_LANGUAGE_STANDARD = gnu99;
				GCC_DYNAMIC_NO_PIC = NO;
				GCC_OPTIMIZATION_LEVEL = 0;
				GCC_PREPROCESSOR_DEFINITIONS = (
					"DEBUG=1",
					"$(inherited)",
				);
				GCC_SYMBOLS_PRIVATE_EXTERN = NO;
				GCC_WARN_64_TO_32_BIT_CONVERSION = YES;
				GCC_WARN_ABOUT_RETURN_TYPE = YES_ERROR;
				GCC_WARN_UNDECLARED_SELECTOR = YES;
				GCC_WARN_UNINITIALIZED_AUTOS = YES_AGGRESSIVE;
				GCC_WARN_UNUSED_FUNCTION = YES;
				GCC_WARN_UNUSED_VARIABLE = YES;
				IPHONEOS_DEPLOYMENT_TARGET = 8.0;
				MTL_ENABLE_DEBUG_INFO = YES;
				ONLY_ACTIVE_ARCH = YES;
				PROVISIONING_PROFILE = "4baf468f-79d6-4e84-a7e9-2df13d82b8fc";
				SDKROOT = iphoneos;
				SWIFT_OPTIMIZATION_LEVEL = "-Onone";
			};
			name = Debug;
		};
		28277E4D1A4B115E001CCB02 /* Release */ = {
			isa = XCBuildConfiguration;
			buildSettings = {
				ALWAYS_SEARCH_USER_PATHS = NO;
				CLANG_CXX_LANGUAGE_STANDARD = "gnu++0x";
				CLANG_CXX_LIBRARY = "libc++";
				CLANG_ENABLE_MODULES = YES;
				CLANG_ENABLE_OBJC_ARC = YES;
				CLANG_WARN_BOOL_CONVERSION = YES;
				CLANG_WARN_CONSTANT_CONVERSION = YES;
				CLANG_WARN_DIRECT_OBJC_ISA_USAGE = YES_ERROR;
				CLANG_WARN_EMPTY_BODY = YES;
				CLANG_WARN_ENUM_CONVERSION = YES;
				CLANG_WARN_INT_CONVERSION = YES;
				CLANG_WARN_OBJC_ROOT_CLASS = YES_ERROR;
				CLANG_WARN_UNREACHABLE_CODE = YES;
				CLANG_WARN__DUPLICATE_METHOD_MATCH = YES;
				CODE_SIGN_IDENTITY = "iPhone Developer: Cole Roe (33XBMXDS77)";
				"CODE_SIGN_IDENTITY[sdk=iphoneos*]" = "iPhone Developer: Cole Roe (33XBMXDS77)";
				COPY_PHASE_STRIP = YES;
				ENABLE_NS_ASSERTIONS = NO;
				ENABLE_STRICT_OBJC_MSGSEND = YES;
				GCC_C_LANGUAGE_STANDARD = gnu99;
				GCC_WARN_64_TO_32_BIT_CONVERSION = YES;
				GCC_WARN_ABOUT_RETURN_TYPE = YES_ERROR;
				GCC_WARN_UNDECLARED_SELECTOR = YES;
				GCC_WARN_UNINITIALIZED_AUTOS = YES_AGGRESSIVE;
				GCC_WARN_UNUSED_FUNCTION = YES;
				GCC_WARN_UNUSED_VARIABLE = YES;
				IPHONEOS_DEPLOYMENT_TARGET = 8.0;
				MTL_ENABLE_DEBUG_INFO = NO;
				ONLY_ACTIVE_ARCH = NO;
				PROVISIONING_PROFILE = "4baf468f-79d6-4e84-a7e9-2df13d82b8fc";
				SDKROOT = iphoneos;
				VALIDATE_PRODUCT = YES;
			};
			name = Release;
		};
		28277E4F1A4B115E001CCB02 /* Debug */ = {
			isa = XCBuildConfiguration;
			baseConfigurationReference = BFF64F43CD26D75E1C820539 /* Pods.debug.xcconfig */;
			buildSettings = {
				ASSETCATALOG_COMPILER_APPICON_NAME = AppIcon;
				CLANG_ENABLE_MODULES = YES;
				CODE_SIGN_IDENTITY = "iPhone Distribution: Cole Roe (C59F79Z942)";
				"CODE_SIGN_IDENTITY[sdk=iphoneos*]" = "iPhone Distribution: Cole Roe (C59F79Z942)";
				FRAMEWORK_SEARCH_PATHS = (
					"$(inherited)",
					/Users/TheRaven/.Trash,
					"/Users/TheRaven/Downloads/parse-library-1.6.0",
					2,
					"/Users/TheRaven/Downloads/parse-library-1.6.1",
					"$(PROJECT_DIR)/UinProto2",
					"/Users/kareemdasilva/Downloads/Uin-master",
					"$(PROJECT_DIR)",
				);
				INFOPLIST_FILE = UinProto2/Info.plist;
				IPHONEOS_DEPLOYMENT_TARGET = 8.0;
				LD_RUNPATH_SEARCH_PATHS = "$(inherited) @executable_path/Frameworks";
				LIBRARY_SEARCH_PATHS = (
					"$(inherited)",
					"$(PROJECT_DIR)/UinProto2/Pods/build/Debug-iphoneos",
				);
				PRODUCT_NAME = "$(TARGET_NAME)";
				PROVISIONING_PROFILE = "4baf468f-79d6-4e84-a7e9-2df13d82b8fc";
				SWIFT_OBJC_BRIDGING_HEADER = "UinProto2/UinProto2-Bridging-Header.h";
				SWIFT_OPTIMIZATION_LEVEL = "-Onone";
			};
			name = Debug;
		};
		28277E501A4B115E001CCB02 /* Release */ = {
			isa = XCBuildConfiguration;
			baseConfigurationReference = D15603B83CDC98572D79F2CD /* Pods.release.xcconfig */;
			buildSettings = {
				ASSETCATALOG_COMPILER_APPICON_NAME = AppIcon;
				CLANG_ENABLE_MODULES = YES;
				CODE_SIGN_IDENTITY = "iPhone Distribution: Cole Roe (C59F79Z942)";
				"CODE_SIGN_IDENTITY[sdk=iphoneos*]" = "iPhone Distribution: Cole Roe (C59F79Z942)";
				FRAMEWORK_SEARCH_PATHS = (
					"$(inherited)",
					/Users/TheRaven/.Trash,
					"/Users/TheRaven/Downloads/parse-library-1.6.0",
					2,
					"/Users/TheRaven/Downloads/parse-library-1.6.1",
					"$(PROJECT_DIR)/UinProto2",
					"/Users/kareemdasilva/Downloads/Uin-master",
					"$(PROJECT_DIR)",
				);
				INFOPLIST_FILE = UinProto2/Info.plist;
				IPHONEOS_DEPLOYMENT_TARGET = 8.0;
				LD_RUNPATH_SEARCH_PATHS = "$(inherited) @executable_path/Frameworks";
				LIBRARY_SEARCH_PATHS = (
					"$(inherited)",
					"$(PROJECT_DIR)/UinProto2/Pods/build/Debug-iphoneos",
				);
				PRODUCT_NAME = "$(TARGET_NAME)";
				PROVISIONING_PROFILE = "4baf468f-79d6-4e84-a7e9-2df13d82b8fc";
				SWIFT_OBJC_BRIDGING_HEADER = "UinProto2/UinProto2-Bridging-Header.h";
			};
			name = Release;
		};
		28277E521A4B115E001CCB02 /* Debug */ = {
			isa = XCBuildConfiguration;
			buildSettings = {
				BUNDLE_LOADER = "$(TEST_HOST)";
				CODE_SIGN_IDENTITY = "iPhone Distribution: Cole Roe (C59F79Z942)";
				"CODE_SIGN_IDENTITY[sdk=iphoneos*]" = "iPhone Distribution: Cole Roe (C59F79Z942)";
				FRAMEWORK_SEARCH_PATHS = (
					"$(SDKROOT)/Developer/Library/Frameworks",
					"$(inherited)",
				);
				GCC_PREPROCESSOR_DEFINITIONS = (
					"DEBUG=1",
					"$(inherited)",
				);
				INFOPLIST_FILE = UinProto2Tests/Info.plist;
				IPHONEOS_DEPLOYMENT_TARGET = 8.1;
				LD_RUNPATH_SEARCH_PATHS = "$(inherited) @executable_path/Frameworks @loader_path/Frameworks";
				PRODUCT_NAME = "$(TARGET_NAME)";
				PROVISIONING_PROFILE = "4baf468f-79d6-4e84-a7e9-2df13d82b8fc";
				TEST_HOST = "$(BUILT_PRODUCTS_DIR)/UinProto2.app/UinProto2";
			};
			name = Debug;
		};
		28277E531A4B115E001CCB02 /* Release */ = {
			isa = XCBuildConfiguration;
			buildSettings = {
				BUNDLE_LOADER = "$(TEST_HOST)";
				CODE_SIGN_IDENTITY = "iPhone Distribution: Cole Roe (C59F79Z942)";
				"CODE_SIGN_IDENTITY[sdk=iphoneos*]" = "iPhone Distribution: Cole Roe (C59F79Z942)";
				FRAMEWORK_SEARCH_PATHS = (
					"$(SDKROOT)/Developer/Library/Frameworks",
					"$(inherited)",
				);
				INFOPLIST_FILE = UinProto2Tests/Info.plist;
				IPHONEOS_DEPLOYMENT_TARGET = 8.1;
				LD_RUNPATH_SEARCH_PATHS = "$(inherited) @executable_path/Frameworks @loader_path/Frameworks";
				PRODUCT_NAME = "$(TARGET_NAME)";
				PROVISIONING_PROFILE = "4baf468f-79d6-4e84-a7e9-2df13d82b8fc";
				TEST_HOST = "$(BUILT_PRODUCTS_DIR)/UinProto2.app/UinProto2";
			};
			name = Release;
		};
/* End XCBuildConfiguration section */

/* Begin XCConfigurationList section */
		28277E2A1A4B115E001CCB02 /* Build configuration list for PBXProject "Uinproto2" */ = {
			isa = XCConfigurationList;
			buildConfigurations = (
				28277E4C1A4B115E001CCB02 /* Debug */,
				28277E4D1A4B115E001CCB02 /* Release */,
			);
			defaultConfigurationIsVisible = 0;
			defaultConfigurationName = Release;
		};
		28277E4E1A4B115E001CCB02 /* Build configuration list for PBXNativeTarget "UinProto2" */ = {
			isa = XCConfigurationList;
			buildConfigurations = (
				28277E4F1A4B115E001CCB02 /* Debug */,
				28277E501A4B115E001CCB02 /* Release */,
			);
			defaultConfigurationIsVisible = 0;
			defaultConfigurationName = Release;
		};
		28277E511A4B115E001CCB02 /* Build configuration list for PBXNativeTarget "UinProto2Tests" */ = {
			isa = XCConfigurationList;
			buildConfigurations = (
				28277E521A4B115E001CCB02 /* Debug */,
				28277E531A4B115E001CCB02 /* Release */,
			);
			defaultConfigurationIsVisible = 0;
			defaultConfigurationName = Release;
		};
/* End XCConfigurationList section */
	};
	rootObject = 28277E271A4B115E001CCB02 /* Project object */;
}
