<?xml version="1.0" encoding="UTF-8"?>
<!DOCTYPE plist PUBLIC "-//Apple//DTD PLIST 1.0//EN" "http://www.apple.com/DTDs/PropertyList-1.0.dtd">
<plist version="1.0">
<dict>
	<key>archiveVersion</key>
	<string>1</string>
	<key>classes</key>
	<dict/>
	<key>objectVersion</key>
	<string>46</string>
	<key>objects</key>
	<dict>
		<key>119BEED4DA993FF18EDC1A66</key>
		<dict>
			<key>explicitFileType</key>
			<string>archive.ar</string>
			<key>includeInIndex</key>
			<string>0</string>
			<key>isa</key>
			<string>PBXFileReference</string>
			<key>path</key>
			<string>libPods.a</string>
			<key>sourceTree</key>
			<string>BUILT_PRODUCTS_DIR</string>
		</dict>
		<key>15A624E520A3CB76F430ACCC</key>
		<dict>
			<key>buildActionMask</key>
			<string>2147483647</string>
			<key>files</key>
			<array/>
			<key>inputPaths</key>
			<array/>
			<key>isa</key>
			<string>PBXShellScriptBuildPhase</string>
			<key>name</key>
			<string>Copy Pods Resources</string>
			<key>outputPaths</key>
			<array/>
			<key>runOnlyForDeploymentPostprocessing</key>
			<string>0</string>
			<key>shellPath</key>
			<string>/bin/sh</string>
			<key>shellScript</key>
			<string>"${SRCROOT}/UinProto2/Pods/Target Support Files/Pods/Pods-resources.sh"
</string>
			<key>showEnvVarsInLog</key>
			<string>0</string>
		</dict>
		<key>28277E261A4B115E001CCB02</key>
		<dict>
			<key>children</key>
			<array>
				<string>6199B0BF1A97E3C40091F9A6</string>
				<string>28277E661A4B1186001CCB02</string>
				<string>28277E581A4B1175001CCB02</string>
				<string>61B451561A9EB7C900285930</string>
				<string>61B451541A9EB74200285930</string>
				<string>28277E5B1A4B1175001CCB02</string>
				<string>28277E5C1A4B1175001CCB02</string>
				<string>28277E5A1A4B1175001CCB02</string>
				<string>28277E591A4B1175001CCB02</string>
				<string>28277E571A4B1175001CCB02</string>
				<string>28277E561A4B1175001CCB02</string>
				<string>28277E551A4B1175001CCB02</string>
				<string>28277E6F1A4B1685001CCB02</string>
				<string>28277E311A4B115E001CCB02</string>
				<string>28277E471A4B115E001CCB02</string>
				<string>28277E301A4B115E001CCB02</string>
				<string>6107097E1A7028DD000ED950</string>
				<string>B9FAADC1774AEBCBAA29D0E8</string>
				<string>CE893B16E1A0D72BE6FC7F44</string>
			</array>
			<key>isa</key>
			<string>PBXGroup</string>
			<key>sourceTree</key>
			<string>&lt;group&gt;</string>
		</dict>
		<key>28277E271A4B115E001CCB02</key>
		<dict>
			<key>attributes</key>
			<dict>
				<key>LastUpgradeCheck</key>
				<string>0620</string>
				<key>ORGANIZATIONNAME</key>
				<string>Kareem Dasilva</string>
				<key>TargetAttributes</key>
				<dict>
					<key>28277E2E1A4B115E001CCB02</key>
					<dict>
						<key>CreatedOnToolsVersion</key>
						<string>6.2</string>
						<key>DevelopmentTeam</key>
						<string>C59F79Z942</string>
						<key>SystemCapabilities</key>
						<dict>
							<key>com.apple.InAppPurchase</key>
							<dict>
								<key>enabled</key>
								<string>0</string>
							</dict>
						</dict>
					</dict>
					<key>28277E431A4B115E001CCB02</key>
					<dict>
						<key>CreatedOnToolsVersion</key>
						<string>6.2</string>
						<key>DevelopmentTeam</key>
						<string>C59F79Z942</string>
						<key>TestTargetID</key>
						<string>28277E2E1A4B115E001CCB02</string>
					</dict>
				</dict>
			</dict>
			<key>buildConfigurationList</key>
			<string>28277E2A1A4B115E001CCB02</string>
			<key>compatibilityVersion</key>
			<string>Xcode 3.2</string>
			<key>developmentRegion</key>
			<string>English</string>
			<key>hasScannedForEncodings</key>
			<string>0</string>
			<key>isa</key>
			<string>PBXProject</string>
			<key>knownRegions</key>
			<array>
				<string>en</string>
				<string>Base</string>
			</array>
			<key>mainGroup</key>
			<string>28277E261A4B115E001CCB02</string>
			<key>productRefGroup</key>
			<string>28277E301A4B115E001CCB02</string>
			<key>projectDirPath</key>
			<string></string>
			<key>projectReferences</key>
			<array/>
			<key>projectRoot</key>
			<string></string>
			<key>targets</key>
			<array>
				<string>28277E2E1A4B115E001CCB02</string>
				<string>28277E431A4B115E001CCB02</string>
			</array>
		</dict>
		<key>28277E2A1A4B115E001CCB02</key>
		<dict>
			<key>buildConfigurations</key>
			<array>
				<string>28277E4C1A4B115E001CCB02</string>
				<string>28277E4D1A4B115E001CCB02</string>
			</array>
			<key>defaultConfigurationIsVisible</key>
			<string>0</string>
			<key>defaultConfigurationName</key>
			<string>Release</string>
			<key>isa</key>
			<string>XCConfigurationList</string>
		</dict>
		<key>28277E2B1A4B115E001CCB02</key>
		<dict>
			<key>buildActionMask</key>
			<string>2147483647</string>
			<key>files</key>
			<array>
				<string>6141F7EE1AA24B1B00602D7A</string>
				<string>6172E1FF1A97C49200F17629</string>
				<string>61EA5F621A91891B002B1998</string>
				<string>6136E5E81A9958C7009503A4</string>
				<string>614F49A71A8FFD4300E6245A</string>
				<string>61F70F4E1A842C7400956DD3</string>
				<string>61268C1E1A910AB300009E07</string>
				<string>61B634C71A7F1E5F00139F60</string>
				<string>61BFF8211A8FDF6C00E2D059</string>
				<string>61A4E77F1A7E84920041FB13</string>
				<string>61D597701A7499CB009A4ECE</string>
				<string>28E654801A60B9FC006E76E5</string>
				<string>28F8364B1A4FB25D00F45A0B</string>
				<string>28E653F51A5607CA006E76E5</string>
				<string>6199B0C01A97E3C40091F9A6</string>
				<string>61AFFF531A7EE6A800858273</string>
				<string>28F8364D1A4FB3E400F45A0B</string>
				<string>28277E6E1A4B161C001CCB02</string>
				<string>28277E761A4B1804001CCB02</string>
				<string>61A4E77C1A7E7A690041FB13</string>
				<string>61AFFF4F1A7ED7C400858273</string>
				<string>61AFFF511A7EE2AD00858273</string>
				<string>28277E351A4B115E001CCB02</string>
				<string>61EA5F641A918E00002B1998</string>
			</array>
			<key>isa</key>
			<string>PBXSourcesBuildPhase</string>
			<key>runOnlyForDeploymentPostprocessing</key>
			<string>0</string>
		</dict>
		<key>28277E2C1A4B115E001CCB02</key>
		<dict>
			<key>buildActionMask</key>
			<string>2147483647</string>
			<key>files</key>
			<array>
				<string>61144F221AA29A010034018A</string>
				<string>61144F201AA299F50034018A</string>
				<string>28277E621A4B1175001CCB02</string>
				<string>28277E5E1A4B1175001CCB02</string>
				<string>28277E641A4B1175001CCB02</string>
				<string>28277E611A4B1175001CCB02</string>
				<string>28277E631A4B1175001CCB02</string>
				<string>28277E701A4B1685001CCB02</string>
				<string>28277E651A4B1175001CCB02</string>
				<string>61B451571A9EB7C900285930</string>
				<string>28277E601A4B1175001CCB02</string>
				<string>6107097F1A7028DD000ED950</string>
				<string>61B451551A9EB74200285930</string>
				<string>28277E671A4B1186001CCB02</string>
				<string>28277E5F1A4B1175001CCB02</string>
				<string>4FA5EA0AE717E498B01BFEBE</string>
			</array>
			<key>isa</key>
			<string>PBXFrameworksBuildPhase</string>
			<key>runOnlyForDeploymentPostprocessing</key>
			<string>0</string>
		</dict>
		<key>28277E2D1A4B115E001CCB02</key>
		<dict>
			<key>buildActionMask</key>
			<string>2147483647</string>
			<key>files</key>
			<array>
				<string>28277E3A1A4B115E001CCB02</string>
				<string>28277E3F1A4B115E001CCB02</string>
				<string>61144F1C1AA299330034018A</string>
				<string>28277E3C1A4B115E001CCB02</string>
			</array>
			<key>isa</key>
			<string>PBXResourcesBuildPhase</string>
			<key>runOnlyForDeploymentPostprocessing</key>
			<string>0</string>
		</dict>
		<key>28277E2E1A4B115E001CCB02</key>
		<dict>
			<key>buildConfigurationList</key>
			<string>28277E4E1A4B115E001CCB02</string>
			<key>buildPhases</key>
			<array>
				<string>409A39E3119E2E0457E54945</string>
				<string>28277E2B1A4B115E001CCB02</string>
				<string>28277E2C1A4B115E001CCB02</string>
				<string>28277E2D1A4B115E001CCB02</string>
				<string>15A624E520A3CB76F430ACCC</string>
			</array>
			<key>buildRules</key>
			<array/>
			<key>dependencies</key>
			<array/>
			<key>isa</key>
			<string>PBXNativeTarget</string>
			<key>name</key>
			<string>UinProto2</string>
			<key>productName</key>
			<string>UinProto2</string>
			<key>productReference</key>
			<string>28277E2F1A4B115E001CCB02</string>
			<key>productType</key>
			<string>com.apple.product-type.application</string>
		</dict>
		<key>28277E2F1A4B115E001CCB02</key>
		<dict>
			<key>explicitFileType</key>
			<string>wrapper.application</string>
			<key>includeInIndex</key>
			<string>0</string>
			<key>isa</key>
			<string>PBXFileReference</string>
			<key>path</key>
			<string>UinProto2.app</string>
			<key>sourceTree</key>
			<string>BUILT_PRODUCTS_DIR</string>
		</dict>
		<key>28277E301A4B115E001CCB02</key>
		<dict>
			<key>children</key>
			<array>
				<string>28277E2F1A4B115E001CCB02</string>
				<string>28277E441A4B115E001CCB02</string>
			</array>
			<key>isa</key>
			<string>PBXGroup</string>
			<key>name</key>
			<string>Products</string>
			<key>sourceTree</key>
			<string>&lt;group&gt;</string>
		</dict>
		<key>28277E311A4B115E001CCB02</key>
		<dict>
			<key>children</key>
			<array>
				<string>28E6547D1A60B9C8006E76E5</string>
				<string>613069F11A745289001CAF4F</string>
				<string>28277E341A4B115E001CCB02</string>
				<string>28277E751A4B1804001CCB02</string>
				<string>28277E381A4B115E001CCB02</string>
				<string>6136E5E71A9958C7009503A4</string>
				<string>61EA5F631A918E00002B1998</string>
				<string>614F49A61A8FFD4300E6245A</string>
				<string>61AFFF521A7EE6A800858273</string>
				<string>28277E771A4B1D0E001CCB02</string>
				<string>6141F7EC1AA24A5400602D7A</string>
				<string>61AFFF501A7EE2AD00858273</string>
				<string>61AFFF4E1A7ED7C400858273</string>
				<string>61BFF8201A8FDF6C00E2D059</string>
				<string>61AFFF4C1A7ED66300858273</string>
				<string>61A4E77B1A7E7A690041FB13</string>
				<string>61144F1B1AA299330034018A</string>
				<string>61268C1D1A910AB300009E07</string>
				<string>28E654811A60C1AD006E76E5</string>
				<string>28E6547F1A60B9FC006E76E5</string>
				<string>618CE0131A76F4A400FF493C</string>
				<string>28E653F41A5607CA006E76E5</string>
				<string>28F8364C1A4FB3E400F45A0B</string>
				<string>28F8364A1A4FB25D00F45A0B</string>
				<string>28277E6D1A4B161C001CCB02</string>
				<string>28277E3B1A4B115E001CCB02</string>
				<string>28277E3D1A4B115E001CCB02</string>
				<string>28277E6C1A4B161B001CCB02</string>
				<string>28277E321A4B115E001CCB02</string>
			</array>
			<key>isa</key>
			<string>PBXGroup</string>
			<key>path</key>
			<string>UinProto2</string>
			<key>sourceTree</key>
			<string>&lt;group&gt;</string>
		</dict>
		<key>28277E321A4B115E001CCB02</key>
		<dict>
			<key>children</key>
			<array>
				<string>28277E331A4B115E001CCB02</string>
			</array>
			<key>isa</key>
			<string>PBXGroup</string>
			<key>name</key>
			<string>Supporting Files</string>
			<key>sourceTree</key>
			<string>&lt;group&gt;</string>
		</dict>
		<key>28277E331A4B115E001CCB02</key>
		<dict>
			<key>isa</key>
			<string>PBXFileReference</string>
			<key>lastKnownFileType</key>
			<string>text.plist.xml</string>
			<key>path</key>
			<string>Info.plist</string>
			<key>sourceTree</key>
			<string>&lt;group&gt;</string>
		</dict>
		<key>28277E341A4B115E001CCB02</key>
		<dict>
			<key>isa</key>
			<string>PBXFileReference</string>
			<key>lastKnownFileType</key>
			<string>sourcecode.swift</string>
			<key>path</key>
			<string>AppDelegate.swift</string>
			<key>sourceTree</key>
			<string>&lt;group&gt;</string>
		</dict>
		<key>28277E351A4B115E001CCB02</key>
		<dict>
			<key>fileRef</key>
			<string>28277E341A4B115E001CCB02</string>
			<key>isa</key>
			<string>PBXBuildFile</string>
		</dict>
		<key>28277E381A4B115E001CCB02</key>
		<dict>
			<key>children</key>
			<array>
				<string>28277E391A4B115E001CCB02</string>
			</array>
			<key>isa</key>
			<string>PBXVariantGroup</string>
			<key>name</key>
			<string>Main.storyboard</string>
			<key>sourceTree</key>
			<string>&lt;group&gt;</string>
		</dict>
		<key>28277E391A4B115E001CCB02</key>
		<dict>
			<key>isa</key>
			<string>PBXFileReference</string>
			<key>lastKnownFileType</key>
			<string>file.storyboard</string>
			<key>name</key>
			<string>Base</string>
			<key>path</key>
			<string>Base.lproj/Main.storyboard</string>
			<key>sourceTree</key>
			<string>&lt;group&gt;</string>
		</dict>
		<key>28277E3A1A4B115E001CCB02</key>
		<dict>
			<key>fileRef</key>
			<string>28277E381A4B115E001CCB02</string>
			<key>isa</key>
			<string>PBXBuildFile</string>
		</dict>
		<key>28277E3B1A4B115E001CCB02</key>
		<dict>
			<key>isa</key>
			<string>PBXFileReference</string>
			<key>lastKnownFileType</key>
			<string>folder.assetcatalog</string>
			<key>path</key>
			<string>Images.xcassets</string>
			<key>sourceTree</key>
			<string>&lt;group&gt;</string>
		</dict>
		<key>28277E3C1A4B115E001CCB02</key>
		<dict>
			<key>fileRef</key>
			<string>28277E3B1A4B115E001CCB02</string>
			<key>isa</key>
			<string>PBXBuildFile</string>
		</dict>
		<key>28277E3D1A4B115E001CCB02</key>
		<dict>
			<key>children</key>
			<array>
				<string>28277E3E1A4B115E001CCB02</string>
			</array>
			<key>isa</key>
			<string>PBXVariantGroup</string>
			<key>name</key>
			<string>LaunchScreen.xib</string>
			<key>sourceTree</key>
			<string>&lt;group&gt;</string>
		</dict>
		<key>28277E3E1A4B115E001CCB02</key>
		<dict>
			<key>isa</key>
			<string>PBXFileReference</string>
			<key>lastKnownFileType</key>
			<string>file.xib</string>
			<key>name</key>
			<string>Base</string>
			<key>path</key>
			<string>Base.lproj/LaunchScreen.xib</string>
			<key>sourceTree</key>
			<string>&lt;group&gt;</string>
		</dict>
		<key>28277E3F1A4B115E001CCB02</key>
		<dict>
			<key>fileRef</key>
			<string>28277E3D1A4B115E001CCB02</string>
			<key>isa</key>
			<string>PBXBuildFile</string>
		</dict>
		<key>28277E401A4B115E001CCB02</key>
		<dict>
			<key>buildActionMask</key>
			<string>2147483647</string>
			<key>files</key>
			<array>
				<string>28277E4B1A4B115E001CCB02</string>
			</array>
			<key>isa</key>
			<string>PBXSourcesBuildPhase</string>
			<key>runOnlyForDeploymentPostprocessing</key>
			<string>0</string>
		</dict>
		<key>28277E411A4B115E001CCB02</key>
		<dict>
			<key>buildActionMask</key>
			<string>2147483647</string>
			<key>files</key>
			<array/>
			<key>isa</key>
			<string>PBXFrameworksBuildPhase</string>
			<key>runOnlyForDeploymentPostprocessing</key>
			<string>0</string>
		</dict>
		<key>28277E421A4B115E001CCB02</key>
		<dict>
			<key>buildActionMask</key>
			<string>2147483647</string>
			<key>files</key>
			<array/>
			<key>isa</key>
			<string>PBXResourcesBuildPhase</string>
			<key>runOnlyForDeploymentPostprocessing</key>
			<string>0</string>
		</dict>
		<key>28277E431A4B115E001CCB02</key>
		<dict>
			<key>buildConfigurationList</key>
			<string>28277E511A4B115E001CCB02</string>
			<key>buildPhases</key>
			<array>
				<string>28277E401A4B115E001CCB02</string>
				<string>28277E411A4B115E001CCB02</string>
				<string>28277E421A4B115E001CCB02</string>
			</array>
			<key>buildRules</key>
			<array/>
			<key>dependencies</key>
			<array>
				<string>28277E461A4B115E001CCB02</string>
			</array>
			<key>isa</key>
			<string>PBXNativeTarget</string>
			<key>name</key>
			<string>UinProto2Tests</string>
			<key>productName</key>
			<string>UinProto2Tests</string>
			<key>productReference</key>
			<string>28277E441A4B115E001CCB02</string>
			<key>productType</key>
			<string>com.apple.product-type.bundle.unit-test</string>
		</dict>
		<key>28277E441A4B115E001CCB02</key>
		<dict>
			<key>explicitFileType</key>
			<string>wrapper.cfbundle</string>
			<key>includeInIndex</key>
			<string>0</string>
			<key>isa</key>
			<string>PBXFileReference</string>
			<key>path</key>
			<string>UinProto2Tests.xctest</string>
			<key>sourceTree</key>
			<string>BUILT_PRODUCTS_DIR</string>
		</dict>
		<key>28277E451A4B115E001CCB02</key>
		<dict>
			<key>containerPortal</key>
			<string>28277E271A4B115E001CCB02</string>
			<key>isa</key>
			<string>PBXContainerItemProxy</string>
			<key>proxyType</key>
			<string>1</string>
			<key>remoteGlobalIDString</key>
			<string>28277E2E1A4B115E001CCB02</string>
			<key>remoteInfo</key>
			<string>UinProto2</string>
		</dict>
		<key>28277E461A4B115E001CCB02</key>
		<dict>
			<key>isa</key>
			<string>PBXTargetDependency</string>
			<key>target</key>
			<string>28277E2E1A4B115E001CCB02</string>
			<key>targetProxy</key>
			<string>28277E451A4B115E001CCB02</string>
		</dict>
		<key>28277E471A4B115E001CCB02</key>
		<dict>
			<key>children</key>
			<array>
				<string>28277E4A1A4B115E001CCB02</string>
				<string>28277E481A4B115E001CCB02</string>
			</array>
			<key>isa</key>
			<string>PBXGroup</string>
			<key>path</key>
			<string>UinProto2Tests</string>
			<key>sourceTree</key>
			<string>&lt;group&gt;</string>
		</dict>
		<key>28277E481A4B115E001CCB02</key>
		<dict>
			<key>children</key>
			<array>
				<string>28277E491A4B115E001CCB02</string>
			</array>
			<key>isa</key>
			<string>PBXGroup</string>
			<key>name</key>
			<string>Supporting Files</string>
			<key>sourceTree</key>
			<string>&lt;group&gt;</string>
		</dict>
		<key>28277E491A4B115E001CCB02</key>
		<dict>
			<key>isa</key>
			<string>PBXFileReference</string>
			<key>lastKnownFileType</key>
			<string>text.plist.xml</string>
			<key>path</key>
			<string>Info.plist</string>
			<key>sourceTree</key>
			<string>&lt;group&gt;</string>
		</dict>
		<key>28277E4A1A4B115E001CCB02</key>
		<dict>
			<key>isa</key>
			<string>PBXFileReference</string>
			<key>lastKnownFileType</key>
			<string>sourcecode.swift</string>
			<key>path</key>
			<string>UinProto2Tests.swift</string>
			<key>sourceTree</key>
			<string>&lt;group&gt;</string>
		</dict>
		<key>28277E4B1A4B115E001CCB02</key>
		<dict>
			<key>fileRef</key>
			<string>28277E4A1A4B115E001CCB02</string>
			<key>isa</key>
			<string>PBXBuildFile</string>
		</dict>
		<key>28277E4C1A4B115E001CCB02</key>
		<dict>
			<key>buildSettings</key>
			<dict>
				<key>ALWAYS_SEARCH_USER_PATHS</key>
				<string>NO</string>
				<key>CLANG_CXX_LANGUAGE_STANDARD</key>
				<string>gnu++0x</string>
				<key>CLANG_CXX_LIBRARY</key>
				<string>libc++</string>
				<key>CLANG_ENABLE_MODULES</key>
				<string>YES</string>
				<key>CLANG_ENABLE_OBJC_ARC</key>
				<string>YES</string>
				<key>CLANG_WARN_BOOL_CONVERSION</key>
				<string>YES</string>
				<key>CLANG_WARN_CONSTANT_CONVERSION</key>
				<string>YES</string>
				<key>CLANG_WARN_DIRECT_OBJC_ISA_USAGE</key>
				<string>YES_ERROR</string>
				<key>CLANG_WARN_EMPTY_BODY</key>
				<string>YES</string>
				<key>CLANG_WARN_ENUM_CONVERSION</key>
				<string>YES</string>
				<key>CLANG_WARN_INT_CONVERSION</key>
				<string>YES</string>
				<key>CLANG_WARN_OBJC_ROOT_CLASS</key>
				<string>YES_ERROR</string>
				<key>CLANG_WARN_UNREACHABLE_CODE</key>
				<string>YES</string>
				<key>CLANG_WARN__DUPLICATE_METHOD_MATCH</key>
				<string>YES</string>
				<key>CODE_SIGN_IDENTITY</key>
				<string>iPhone Developer: Cole Roe (33XBMXDS77)</string>
				<key>CODE_SIGN_IDENTITY[sdk=iphoneos*]</key>
				<string>iPhone Developer: Cole Roe (33XBMXDS77)</string>
				<key>COPY_PHASE_STRIP</key>
				<string>NO</string>
				<key>ENABLE_STRICT_OBJC_MSGSEND</key>
				<string>YES</string>
				<key>GCC_C_LANGUAGE_STANDARD</key>
				<string>gnu99</string>
				<key>GCC_DYNAMIC_NO_PIC</key>
				<string>NO</string>
				<key>GCC_OPTIMIZATION_LEVEL</key>
				<string>0</string>
				<key>GCC_PREPROCESSOR_DEFINITIONS</key>
				<array>
					<string>DEBUG=1</string>
					<string>$(inherited)</string>
				</array>
				<key>GCC_SYMBOLS_PRIVATE_EXTERN</key>
				<string>NO</string>
				<key>GCC_WARN_64_TO_32_BIT_CONVERSION</key>
				<string>YES</string>
				<key>GCC_WARN_ABOUT_RETURN_TYPE</key>
				<string>YES_ERROR</string>
				<key>GCC_WARN_UNDECLARED_SELECTOR</key>
				<string>YES</string>
				<key>GCC_WARN_UNINITIALIZED_AUTOS</key>
				<string>YES_AGGRESSIVE</string>
				<key>GCC_WARN_UNUSED_FUNCTION</key>
				<string>YES</string>
				<key>GCC_WARN_UNUSED_VARIABLE</key>
				<string>YES</string>
				<key>IPHONEOS_DEPLOYMENT_TARGET</key>
				<string>8.0</string>
				<key>MTL_ENABLE_DEBUG_INFO</key>
				<string>YES</string>
				<key>ONLY_ACTIVE_ARCH</key>
				<string>YES</string>
				<key>PROVISIONING_PROFILE</key>
				<string>4baf468f-79d6-4e84-a7e9-2df13d82b8fc</string>
				<key>SDKROOT</key>
				<string>iphoneos</string>
				<key>SWIFT_OPTIMIZATION_LEVEL</key>
				<string>-Onone</string>
			</dict>
			<key>isa</key>
			<string>XCBuildConfiguration</string>
			<key>name</key>
			<string>Debug</string>
		</dict>
		<key>28277E4D1A4B115E001CCB02</key>
		<dict>
			<key>buildSettings</key>
			<dict>
				<key>ALWAYS_SEARCH_USER_PATHS</key>
				<string>NO</string>
				<key>CLANG_CXX_LANGUAGE_STANDARD</key>
				<string>gnu++0x</string>
				<key>CLANG_CXX_LIBRARY</key>
				<string>libc++</string>
				<key>CLANG_ENABLE_MODULES</key>
				<string>YES</string>
				<key>CLANG_ENABLE_OBJC_ARC</key>
				<string>YES</string>
				<key>CLANG_WARN_BOOL_CONVERSION</key>
				<string>YES</string>
				<key>CLANG_WARN_CONSTANT_CONVERSION</key>
				<string>YES</string>
				<key>CLANG_WARN_DIRECT_OBJC_ISA_USAGE</key>
				<string>YES_ERROR</string>
				<key>CLANG_WARN_EMPTY_BODY</key>
				<string>YES</string>
				<key>CLANG_WARN_ENUM_CONVERSION</key>
				<string>YES</string>
				<key>CLANG_WARN_INT_CONVERSION</key>
				<string>YES</string>
				<key>CLANG_WARN_OBJC_ROOT_CLASS</key>
				<string>YES_ERROR</string>
				<key>CLANG_WARN_UNREACHABLE_CODE</key>
				<string>YES</string>
				<key>CLANG_WARN__DUPLICATE_METHOD_MATCH</key>
				<string>YES</string>
				<key>CODE_SIGN_IDENTITY</key>
				<string>iPhone Developer: Cole Roe (33XBMXDS77)</string>
				<key>CODE_SIGN_IDENTITY[sdk=iphoneos*]</key>
				<string>iPhone Developer: Cole Roe (33XBMXDS77)</string>
				<key>COPY_PHASE_STRIP</key>
				<string>YES</string>
				<key>ENABLE_NS_ASSERTIONS</key>
				<string>NO</string>
				<key>ENABLE_STRICT_OBJC_MSGSEND</key>
				<string>YES</string>
				<key>GCC_C_LANGUAGE_STANDARD</key>
				<string>gnu99</string>
				<key>GCC_WARN_64_TO_32_BIT_CONVERSION</key>
				<string>YES</string>
				<key>GCC_WARN_ABOUT_RETURN_TYPE</key>
				<string>YES_ERROR</string>
				<key>GCC_WARN_UNDECLARED_SELECTOR</key>
				<string>YES</string>
				<key>GCC_WARN_UNINITIALIZED_AUTOS</key>
				<string>YES_AGGRESSIVE</string>
				<key>GCC_WARN_UNUSED_FUNCTION</key>
				<string>YES</string>
				<key>GCC_WARN_UNUSED_VARIABLE</key>
				<string>YES</string>
				<key>IPHONEOS_DEPLOYMENT_TARGET</key>
				<string>8.0</string>
				<key>MTL_ENABLE_DEBUG_INFO</key>
				<string>NO</string>
				<key>ONLY_ACTIVE_ARCH</key>
				<string>NO</string>
				<key>PROVISIONING_PROFILE</key>
				<string>4baf468f-79d6-4e84-a7e9-2df13d82b8fc</string>
				<key>SDKROOT</key>
				<string>iphoneos</string>
				<key>VALIDATE_PRODUCT</key>
				<string>YES</string>
			</dict>
			<key>isa</key>
			<string>XCBuildConfiguration</string>
			<key>name</key>
			<string>Release</string>
		</dict>
		<key>28277E4E1A4B115E001CCB02</key>
		<dict>
			<key>buildConfigurations</key>
			<array>
				<string>28277E4F1A4B115E001CCB02</string>
				<string>28277E501A4B115E001CCB02</string>
			</array>
			<key>defaultConfigurationIsVisible</key>
			<string>0</string>
			<key>defaultConfigurationName</key>
			<string>Release</string>
			<key>isa</key>
			<string>XCConfigurationList</string>
		</dict>
		<key>28277E4F1A4B115E001CCB02</key>
		<dict>
			<key>baseConfigurationReference</key>
			<string>BFF64F43CD26D75E1C820539</string>
			<key>buildSettings</key>
			<dict>
				<key>ASSETCATALOG_COMPILER_APPICON_NAME</key>
				<string>AppIcon</string>
				<key>CLANG_ENABLE_MODULES</key>
				<string>YES</string>
				<key>CODE_SIGN_IDENTITY</key>
				<string>iPhone Distribution: Cole Roe (C59F79Z942)</string>
				<key>CODE_SIGN_IDENTITY[sdk=iphoneos*]</key>
				<string>iPhone Distribution: Cole Roe (C59F79Z942)</string>
				<key>FRAMEWORK_SEARCH_PATHS</key>
				<array>
					<string>$(inherited)</string>
					<string>/Users/TheRaven/.Trash</string>
					<string>/Users/TheRaven/Downloads/parse-library-1.6.0</string>
					<string>2</string>
					<string>/Users/TheRaven/Downloads/parse-library-1.6.1</string>
					<string>$(PROJECT_DIR)/UinProto2</string>
					<string>/Users/kareemdasilva/Downloads/Uin-master</string>
					<string>$(PROJECT_DIR)</string>
				</array>
				<key>INFOPLIST_FILE</key>
				<string>UinProto2/Info.plist</string>
				<key>IPHONEOS_DEPLOYMENT_TARGET</key>
				<string>8.0</string>
				<key>LD_RUNPATH_SEARCH_PATHS</key>
				<string>$(inherited) @executable_path/Frameworks</string>
				<key>LIBRARY_SEARCH_PATHS</key>
				<array>
					<string>$(inherited)</string>
					<string>$(PROJECT_DIR)/UinProto2/Pods/build/Debug-iphoneos</string>
				</array>
				<key>PRODUCT_NAME</key>
				<string>$(TARGET_NAME)</string>
				<key>PROVISIONING_PROFILE</key>
				<string>4baf468f-79d6-4e84-a7e9-2df13d82b8fc</string>
				<key>SWIFT_OBJC_BRIDGING_HEADER</key>
				<string>UinProto2/UinProto2-Bridging-Header.h</string>
				<key>SWIFT_OPTIMIZATION_LEVEL</key>
				<string>-Onone</string>
			</dict>
			<key>isa</key>
			<string>XCBuildConfiguration</string>
			<key>name</key>
			<string>Debug</string>
		</dict>
		<key>28277E501A4B115E001CCB02</key>
		<dict>
			<key>baseConfigurationReference</key>
			<string>D15603B83CDC98572D79F2CD</string>
			<key>buildSettings</key>
			<dict>
				<key>ASSETCATALOG_COMPILER_APPICON_NAME</key>
				<string>AppIcon</string>
				<key>CLANG_ENABLE_MODULES</key>
				<string>YES</string>
				<key>CODE_SIGN_IDENTITY</key>
				<string>iPhone Distribution: Cole Roe (C59F79Z942)</string>
				<key>CODE_SIGN_IDENTITY[sdk=iphoneos*]</key>
				<string>iPhone Distribution: Cole Roe (C59F79Z942)</string>
				<key>FRAMEWORK_SEARCH_PATHS</key>
				<array>
					<string>$(inherited)</string>
					<string>/Users/TheRaven/.Trash</string>
					<string>/Users/TheRaven/Downloads/parse-library-1.6.0</string>
					<string>2</string>
					<string>/Users/TheRaven/Downloads/parse-library-1.6.1</string>
					<string>$(PROJECT_DIR)/UinProto2</string>
					<string>/Users/kareemdasilva/Downloads/Uin-master</string>
					<string>$(PROJECT_DIR)</string>
				</array>
				<key>INFOPLIST_FILE</key>
				<string>UinProto2/Info.plist</string>
				<key>IPHONEOS_DEPLOYMENT_TARGET</key>
				<string>8.0</string>
				<key>LD_RUNPATH_SEARCH_PATHS</key>
				<string>$(inherited) @executable_path/Frameworks</string>
				<key>LIBRARY_SEARCH_PATHS</key>
				<array>
					<string>$(inherited)</string>
					<string>$(PROJECT_DIR)/UinProto2/Pods/build/Debug-iphoneos</string>
				</array>
				<key>PRODUCT_NAME</key>
				<string>$(TARGET_NAME)</string>
				<key>PROVISIONING_PROFILE</key>
				<string>4baf468f-79d6-4e84-a7e9-2df13d82b8fc</string>
				<key>SWIFT_OBJC_BRIDGING_HEADER</key>
				<string>UinProto2/UinProto2-Bridging-Header.h</string>
			</dict>
			<key>isa</key>
			<string>XCBuildConfiguration</string>
			<key>name</key>
			<string>Release</string>
		</dict>
		<key>28277E511A4B115E001CCB02</key>
		<dict>
			<key>buildConfigurations</key>
			<array>
				<string>28277E521A4B115E001CCB02</string>
				<string>28277E531A4B115E001CCB02</string>
			</array>
			<key>defaultConfigurationIsVisible</key>
			<string>0</string>
			<key>defaultConfigurationName</key>
			<string>Release</string>
			<key>isa</key>
			<string>XCConfigurationList</string>
		</dict>
		<key>28277E521A4B115E001CCB02</key>
		<dict>
			<key>buildSettings</key>
			<dict>
				<key>BUNDLE_LOADER</key>
				<string>$(TEST_HOST)</string>
				<key>CODE_SIGN_IDENTITY</key>
				<string>iPhone Distribution: Cole Roe (C59F79Z942)</string>
				<key>CODE_SIGN_IDENTITY[sdk=iphoneos*]</key>
				<string>iPhone Distribution: Cole Roe (C59F79Z942)</string>
				<key>FRAMEWORK_SEARCH_PATHS</key>
				<array>
					<string>$(SDKROOT)/Developer/Library/Frameworks</string>
					<string>$(inherited)</string>
				</array>
				<key>GCC_PREPROCESSOR_DEFINITIONS</key>
				<array>
					<string>DEBUG=1</string>
					<string>$(inherited)</string>
				</array>
				<key>INFOPLIST_FILE</key>
				<string>UinProto2Tests/Info.plist</string>
				<key>IPHONEOS_DEPLOYMENT_TARGET</key>
				<string>8.1</string>
				<key>LD_RUNPATH_SEARCH_PATHS</key>
				<string>$(inherited) @executable_path/Frameworks @loader_path/Frameworks</string>
				<key>PRODUCT_NAME</key>
				<string>$(TARGET_NAME)</string>
				<key>PROVISIONING_PROFILE</key>
				<string>4baf468f-79d6-4e84-a7e9-2df13d82b8fc</string>
				<key>TEST_HOST</key>
				<string>$(BUILT_PRODUCTS_DIR)/UinProto2.app/UinProto2</string>
			</dict>
			<key>isa</key>
			<string>XCBuildConfiguration</string>
			<key>name</key>
			<string>Debug</string>
		</dict>
		<key>28277E531A4B115E001CCB02</key>
		<dict>
			<key>buildSettings</key>
			<dict>
				<key>BUNDLE_LOADER</key>
				<string>$(TEST_HOST)</string>
				<key>CODE_SIGN_IDENTITY</key>
				<string>iPhone Distribution: Cole Roe (C59F79Z942)</string>
				<key>CODE_SIGN_IDENTITY[sdk=iphoneos*]</key>
				<string>iPhone Distribution: Cole Roe (C59F79Z942)</string>
				<key>FRAMEWORK_SEARCH_PATHS</key>
				<array>
					<string>$(SDKROOT)/Developer/Library/Frameworks</string>
					<string>$(inherited)</string>
				</array>
				<key>INFOPLIST_FILE</key>
				<string>UinProto2Tests/Info.plist</string>
				<key>IPHONEOS_DEPLOYMENT_TARGET</key>
				<string>8.1</string>
				<key>LD_RUNPATH_SEARCH_PATHS</key>
				<string>$(inherited) @executable_path/Frameworks @loader_path/Frameworks</string>
				<key>PRODUCT_NAME</key>
				<string>$(TARGET_NAME)</string>
				<key>PROVISIONING_PROFILE</key>
				<string>4baf468f-79d6-4e84-a7e9-2df13d82b8fc</string>
				<key>TEST_HOST</key>
				<string>$(BUILT_PRODUCTS_DIR)/UinProto2.app/UinProto2</string>
			</dict>
			<key>isa</key>
			<string>XCBuildConfiguration</string>
			<key>name</key>
			<string>Release</string>
		</dict>
		<key>28277E551A4B1175001CCB02</key>
		<dict>
			<key>isa</key>
			<string>PBXFileReference</string>
			<key>lastKnownFileType</key>
			<string>wrapper.framework</string>
			<key>name</key>
			<string>Security.framework</string>
			<key>path</key>
			<string>System/Library/Frameworks/Security.framework</string>
			<key>sourceTree</key>
			<string>SDKROOT</string>
		</dict>
		<key>28277E561A4B1175001CCB02</key>
		<dict>
			<key>isa</key>
			<string>PBXFileReference</string>
			<key>lastKnownFileType</key>
			<string>wrapper.framework</string>
			<key>name</key>
			<string>QuartzCore.framework</string>
			<key>path</key>
			<string>System/Library/Frameworks/QuartzCore.framework</string>
			<key>sourceTree</key>
			<string>SDKROOT</string>
		</dict>
		<key>28277E571A4B1175001CCB02</key>
		<dict>
			<key>isa</key>
			<string>PBXFileReference</string>
			<key>lastKnownFileType</key>
			<string>wrapper.framework</string>
			<key>name</key>
			<string>MobileCoreServices.framework</string>
			<key>path</key>
			<string>System/Library/Frameworks/MobileCoreServices.framework</string>
			<key>sourceTree</key>
			<string>SDKROOT</string>
		</dict>
		<key>28277E581A4B1175001CCB02</key>
		<dict>
			<key>isa</key>
			<string>PBXFileReference</string>
			<key>lastKnownFileType</key>
			<string>compiled.mach-o.dylib</string>
			<key>name</key>
			<string>libz.dylib</string>
			<key>path</key>
			<string>usr/lib/libz.dylib</string>
			<key>sourceTree</key>
			<string>SDKROOT</string>
		</dict>
		<key>28277E591A4B1175001CCB02</key>
		<dict>
			<key>isa</key>
			<string>PBXFileReference</string>
			<key>lastKnownFileType</key>
			<string>wrapper.framework</string>
			<key>name</key>
			<string>CoreLocation.framework</string>
			<key>path</key>
			<string>System/Library/Frameworks/CoreLocation.framework</string>
			<key>sourceTree</key>
			<string>SDKROOT</string>
		</dict>
		<key>28277E5A1A4B1175001CCB02</key>
		<dict>
			<key>isa</key>
			<string>PBXFileReference</string>
			<key>lastKnownFileType</key>
			<string>wrapper.framework</string>
			<key>name</key>
			<string>CoreGraphics.framework</string>
			<key>path</key>
			<string>System/Library/Frameworks/CoreGraphics.framework</string>
			<key>sourceTree</key>
			<string>SDKROOT</string>
		</dict>
		<key>28277E5B1A4B1175001CCB02</key>
		<dict>
			<key>isa</key>
			<string>PBXFileReference</string>
			<key>lastKnownFileType</key>
			<string>wrapper.framework</string>
			<key>name</key>
			<string>CFNetwork.framework</string>
			<key>path</key>
			<string>System/Library/Frameworks/CFNetwork.framework</string>
			<key>sourceTree</key>
			<string>SDKROOT</string>
		</dict>
		<key>28277E5C1A4B1175001CCB02</key>
		<dict>
			<key>isa</key>
			<string>PBXFileReference</string>
			<key>lastKnownFileType</key>
			<string>wrapper.framework</string>
			<key>name</key>
			<string>AudioToolbox.framework</string>
			<key>path</key>
			<string>System/Library/Frameworks/AudioToolbox.framework</string>
			<key>sourceTree</key>
			<string>SDKROOT</string>
		</dict>
		<key>28277E5E1A4B1175001CCB02</key>
		<dict>
			<key>fileRef</key>
			<string>28277E551A4B1175001CCB02</string>
			<key>isa</key>
			<string>PBXBuildFile</string>
		</dict>
		<key>28277E5F1A4B1175001CCB02</key>
		<dict>
			<key>fileRef</key>
			<string>28277E561A4B1175001CCB02</string>
			<key>isa</key>
			<string>PBXBuildFile</string>
		</dict>
		<key>28277E601A4B1175001CCB02</key>
		<dict>
			<key>fileRef</key>
			<string>28277E571A4B1175001CCB02</string>
			<key>isa</key>
			<string>PBXBuildFile</string>
		</dict>
		<key>28277E611A4B1175001CCB02</key>
		<dict>
			<key>fileRef</key>
			<string>28277E581A4B1175001CCB02</string>
			<key>isa</key>
			<string>PBXBuildFile</string>
		</dict>
		<key>28277E621A4B1175001CCB02</key>
		<dict>
			<key>fileRef</key>
			<string>28277E591A4B1175001CCB02</string>
			<key>isa</key>
			<string>PBXBuildFile</string>
		</dict>
		<key>28277E631A4B1175001CCB02</key>
		<dict>
			<key>fileRef</key>
			<string>28277E5A1A4B1175001CCB02</string>
			<key>isa</key>
			<string>PBXBuildFile</string>
		</dict>
		<key>28277E641A4B1175001CCB02</key>
		<dict>
			<key>fileRef</key>
			<string>28277E5B1A4B1175001CCB02</string>
			<key>isa</key>
			<string>PBXBuildFile</string>
		</dict>
		<key>28277E651A4B1175001CCB02</key>
		<dict>
			<key>fileRef</key>
			<string>28277E5C1A4B1175001CCB02</string>
			<key>isa</key>
			<string>PBXBuildFile</string>
		</dict>
		<key>28277E661A4B1186001CCB02</key>
		<dict>
			<key>isa</key>
			<string>PBXFileReference</string>
			<key>lastKnownFileType</key>
			<string>compiled.mach-o.dylib</string>
			<key>name</key>
			<string>libsqlite3.dylib</string>
			<key>path</key>
			<string>usr/lib/libsqlite3.dylib</string>
			<key>sourceTree</key>
			<string>SDKROOT</string>
		</dict>
		<key>28277E671A4B1186001CCB02</key>
		<dict>
			<key>fileRef</key>
			<string>28277E661A4B1186001CCB02</string>
			<key>isa</key>
			<string>PBXBuildFile</string>
		</dict>
		<key>28277E6C1A4B161B001CCB02</key>
		<dict>
			<key>isa</key>
			<string>PBXFileReference</string>
			<key>lastKnownFileType</key>
			<string>sourcecode.c.h</string>
			<key>path</key>
			<string>UinProto2-Bridging-Header.h</string>
			<key>sourceTree</key>
			<string>&lt;group&gt;</string>
		</dict>
		<key>28277E6D1A4B161C001CCB02</key>
		<dict>
			<key>fileEncoding</key>
			<string>4</string>
			<key>isa</key>
			<string>PBXFileReference</string>
			<key>lastKnownFileType</key>
			<string>sourcecode.c.objc</string>
			<key>path</key>
			<string>UInProto.m</string>
			<key>sourceTree</key>
			<string>&lt;group&gt;</string>
		</dict>
		<key>28277E6E1A4B161C001CCB02</key>
		<dict>
			<key>fileRef</key>
			<string>28277E6D1A4B161C001CCB02</string>
			<key>isa</key>
			<string>PBXBuildFile</string>
		</dict>
		<key>28277E6F1A4B1685001CCB02</key>
		<dict>
			<key>isa</key>
			<string>PBXFileReference</string>
			<key>lastKnownFileType</key>
			<string>wrapper.framework</string>
			<key>name</key>
			<string>SystemConfiguration.framework</string>
			<key>path</key>
			<string>System/Library/Frameworks/SystemConfiguration.framework</string>
			<key>sourceTree</key>
			<string>SDKROOT</string>
		</dict>
		<key>28277E701A4B1685001CCB02</key>
		<dict>
			<key>fileRef</key>
			<string>28277E6F1A4B1685001CCB02</string>
			<key>isa</key>
			<string>PBXBuildFile</string>
		</dict>
		<key>28277E751A4B1804001CCB02</key>
		<dict>
			<key>fileEncoding</key>
			<string>4</string>
			<key>isa</key>
			<string>PBXFileReference</string>
			<key>lastKnownFileType</key>
			<string>sourcecode.swift</string>
			<key>path</key>
			<string>SignIn.swift</string>
			<key>sourceTree</key>
			<string>&lt;group&gt;</string>
		</dict>
		<key>28277E761A4B1804001CCB02</key>
		<dict>
			<key>fileRef</key>
			<string>28277E751A4B1804001CCB02</string>
			<key>isa</key>
			<string>PBXBuildFile</string>
		</dict>
		<key>28277E771A4B1D0E001CCB02</key>
		<dict>
			<key>fileEncoding</key>
			<string>4</string>
			<key>isa</key>
			<string>PBXFileReference</string>
			<key>lastKnownFileType</key>
			<string>sourcecode.swift</string>
			<key>path</key>
			<string>register.swift</string>
			<key>sourceTree</key>
			<string>&lt;group&gt;</string>
		</dict>
		<key>28E653F41A5607CA006E76E5</key>
		<dict>
			<key>fileEncoding</key>
			<string>4</string>
			<key>isa</key>
			<string>PBXFileReference</string>
			<key>lastKnownFileType</key>
			<string>sourcecode.swift</string>
			<key>path</key>
			<string>sideview.swift</string>
			<key>sourceTree</key>
			<string>&lt;group&gt;</string>
		</dict>
		<key>28E653F51A5607CA006E76E5</key>
		<dict>
			<key>fileRef</key>
			<string>28E653F41A5607CA006E76E5</string>
			<key>isa</key>
			<string>PBXBuildFile</string>
		</dict>
		<key>28E6547D1A60B9C8006E76E5</key>
		<dict>
			<key>fileEncoding</key>
			<string>4</string>
			<key>isa</key>
			<string>PBXFileReference</string>
			<key>lastKnownFileType</key>
			<string>sourcecode.swift</string>
			<key>name</key>
			<string>eventCell.swift</string>
			<key>path</key>
			<string>../eventCell.swift</string>
			<key>sourceTree</key>
			<string>&lt;group&gt;</string>
		</dict>
		<key>28E6547F1A60B9FC006E76E5</key>
		<dict>
			<key>fileEncoding</key>
			<string>4</string>
			<key>isa</key>
			<string>PBXFileReference</string>
			<key>lastKnownFileType</key>
			<string>sourcecode.swift</string>
			<key>path</key>
			<string>eventFeedViewController.swift</string>
			<key>sourceTree</key>
			<string>&lt;group&gt;</string>
		</dict>
		<key>28E654801A60B9FC006E76E5</key>
		<dict>
			<key>fileRef</key>
			<string>28E6547F1A60B9FC006E76E5</string>
			<key>isa</key>
			<string>PBXBuildFile</string>
		</dict>
		<key>28E654811A60C1AD006E76E5</key>
		<dict>
			<key>fileEncoding</key>
			<string>4</string>
			<key>isa</key>
			<string>PBXFileReference</string>
			<key>lastKnownFileType</key>
			<string>sourcecode.swift</string>
			<key>path</key>
			<string>eventMake.swift</string>
			<key>sourceTree</key>
			<string>&lt;group&gt;</string>
		</dict>
		<key>28F8364A1A4FB25D00F45A0B</key>
		<dict>
			<key>fileEncoding</key>
			<string>4</string>
			<key>isa</key>
			<string>PBXFileReference</string>
			<key>lastKnownFileType</key>
			<string>sourcecode.swift</string>
			<key>path</key>
			<string>customcell.swift</string>
			<key>sourceTree</key>
			<string>&lt;group&gt;</string>
		</dict>
		<key>28F8364B1A4FB25D00F45A0B</key>
		<dict>
			<key>fileRef</key>
			<string>28F8364A1A4FB25D00F45A0B</string>
			<key>isa</key>
			<string>PBXBuildFile</string>
		</dict>
		<key>28F8364C1A4FB3E400F45A0B</key>
		<dict>
			<key>fileEncoding</key>
			<string>4</string>
			<key>isa</key>
			<string>PBXFileReference</string>
			<key>lastKnownFileType</key>
			<string>sourcecode.swift</string>
			<key>path</key>
			<string>feed.swift</string>
			<key>sourceTree</key>
			<string>&lt;group&gt;</string>
		</dict>
		<key>28F8364D1A4FB3E400F45A0B</key>
		<dict>
			<key>fileRef</key>
			<string>28F8364C1A4FB3E400F45A0B</string>
			<key>isa</key>
			<string>PBXBuildFile</string>
		</dict>
		<key>409A39E3119E2E0457E54945</key>
		<dict>
			<key>buildActionMask</key>
			<string>2147483647</string>
			<key>files</key>
			<array/>
			<key>inputPaths</key>
			<array/>
			<key>isa</key>
			<string>PBXShellScriptBuildPhase</string>
			<key>name</key>
			<string>Check Pods Manifest.lock</string>
			<key>outputPaths</key>
			<array/>
			<key>runOnlyForDeploymentPostprocessing</key>
			<string>0</string>
			<key>shellPath</key>
			<string>/bin/sh</string>
			<key>shellScript</key>
			<string>diff "${PODS_ROOT}/../Podfile.lock" "${PODS_ROOT}/Manifest.lock" &gt; /dev/null
if [[ $? != 0 ]] ; then
    cat &lt;&lt; EOM
error: The sandbox is not in sync with the Podfile.lock. Run 'pod install' or update your CocoaPods installation.
EOM
    exit 1
fi
</string>
			<key>showEnvVarsInLog</key>
			<string>0</string>
		</dict>
		<key>4FA5EA0AE717E498B01BFEBE</key>
		<dict>
			<key>fileRef</key>
			<string>119BEED4DA993FF18EDC1A66</string>
			<key>isa</key>
			<string>PBXBuildFile</string>
		</dict>
		<key>6107097E1A7028DD000ED950</key>
		<dict>
			<key>isa</key>
			<string>PBXFileReference</string>
			<key>lastKnownFileType</key>
			<string>wrapper.framework</string>
			<key>path</key>
			<string>Parse.framework</string>
			<key>sourceTree</key>
			<string>&lt;group&gt;</string>
		</dict>
		<key>6107097F1A7028DD000ED950</key>
		<dict>
			<key>fileRef</key>
			<string>6107097E1A7028DD000ED950</string>
			<key>isa</key>
			<string>PBXBuildFile</string>
		</dict>
		<key>61144F1B1AA299330034018A</key>
		<dict>
			<key>fileEncoding</key>
			<string>4</string>
			<key>isa</key>
			<string>PBXFileReference</string>
			<key>lastKnownFileType</key>
			<string>text</string>
			<key>path</key>
			<string>Podfile</string>
			<key>sourceTree</key>
			<string>&lt;group&gt;</string>
			<key>xcLanguageSpecificationIdentifier</key>
			<string>xcode.lang.ruby</string>
		</dict>
		<key>61144F1C1AA299330034018A</key>
		<dict>
			<key>fileRef</key>
			<string>61144F1B1AA299330034018A</string>
			<key>isa</key>
			<string>PBXBuildFile</string>
		</dict>
		<key>61144F1D1AA299EC0034018A</key>
		<dict>
			<key>isa</key>
			<string>PBXFileReference</string>
			<key>lastKnownFileType</key>
			<string>archive.ar</string>
			<key>name</key>
			<string>libPods-Mixpanel.a</string>
			<key>path</key>
			<string>UinProto2/Pods/build/Debug-iphoneos/libPods-Mixpanel.a</string>
			<key>sourceTree</key>
			<string>&lt;group&gt;</string>
		</dict>
		<key>61144F1F1AA299F50034018A</key>
		<dict>
			<key>isa</key>
			<string>PBXFileReference</string>
			<key>lastKnownFileType</key>
			<string>wrapper.framework</string>
			<key>name</key>
			<string>Social.framework</string>
			<key>path</key>
			<string>System/Library/Frameworks/Social.framework</string>
			<key>sourceTree</key>
			<string>SDKROOT</string>
		</dict>
		<key>61144F201AA299F50034018A</key>
		<dict>
			<key>fileRef</key>
			<string>61144F1F1AA299F50034018A</string>
			<key>isa</key>
			<string>PBXBuildFile</string>
		</dict>
		<key>61144F211AA29A010034018A</key>
		<dict>
			<key>isa</key>
			<string>PBXFileReference</string>
			<key>lastKnownFileType</key>
			<string>wrapper.framework</string>
			<key>name</key>
			<string>Accounts.framework</string>
			<key>path</key>
			<string>System/Library/Frameworks/Accounts.framework</string>
			<key>sourceTree</key>
			<string>SDKROOT</string>
		</dict>
		<key>61144F221AA29A010034018A</key>
		<dict>
			<key>fileRef</key>
			<string>61144F211AA29A010034018A</string>
			<key>isa</key>
			<string>PBXBuildFile</string>
		</dict>
		<key>61268C1D1A910AB300009E07</key>
		<dict>
			<key>fileEncoding</key>
			<string>4</string>
			<key>isa</key>
			<string>PBXFileReference</string>
			<key>lastKnownFileType</key>
			<string>sourcecode.swift</string>
			<key>path</key>
			<string>dateCell.swift</string>
			<key>sourceTree</key>
			<string>&lt;group&gt;</string>
		</dict>
		<key>61268C1E1A910AB300009E07</key>
		<dict>
			<key>fileRef</key>
			<string>61268C1D1A910AB300009E07</string>
			<key>isa</key>
			<string>PBXBuildFile</string>
		</dict>
		<key>613069F11A745289001CAF4F</key>
		<dict>
			<key>fileEncoding</key>
			<string>4</string>
			<key>isa</key>
			<string>PBXFileReference</string>
			<key>lastKnownFileType</key>
			<string>sourcecode.swift</string>
			<key>name</key>
			<string>MyProfile.swift</string>
			<key>path</key>
			<string>../MyProfile.swift</string>
			<key>sourceTree</key>
			<string>&lt;group&gt;</string>
		</dict>
		<key>6136E5E71A9958C7009503A4</key>
		<dict>
			<key>fileEncoding</key>
			<string>4</string>
			<key>isa</key>
			<string>PBXFileReference</string>
			<key>lastKnownFileType</key>
			<string>sourcecode.swift</string>
			<key>path</key>
			<string>footerCell.swift</string>
			<key>sourceTree</key>
			<string>&lt;group&gt;</string>
		</dict>
		<key>6136E5E81A9958C7009503A4</key>
		<dict>
			<key>fileRef</key>
			<string>6136E5E71A9958C7009503A4</string>
			<key>isa</key>
			<string>PBXBuildFile</string>
		</dict>
		<key>6141F7EC1AA24A5400602D7A</key>
		<dict>
			<key>fileEncoding</key>
			<string>4</string>
			<key>isa</key>
			<string>PBXFileReference</string>
			<key>lastKnownFileType</key>
			<string>sourcecode.swift</string>
			<key>path</key>
			<string>loginOptions.swift</string>
			<key>sourceTree</key>
			<string>&lt;group&gt;</string>
		</dict>
		<key>6141F7EE1AA24B1B00602D7A</key>
		<dict>
			<key>fileRef</key>
			<string>6141F7EC1AA24A5400602D7A</string>
			<key>isa</key>
			<string>PBXBuildFile</string>
		</dict>
		<key>614F49A61A8FFD4300E6245A</key>
		<dict>
			<key>fileEncoding</key>
			<string>4</string>
			<key>isa</key>
			<string>PBXFileReference</string>
			<key>lastKnownFileType</key>
			<string>sourcecode.swift</string>
			<key>path</key>
			<string>notifcationCells.swift</string>
			<key>sourceTree</key>
			<string>&lt;group&gt;</string>
		</dict>
		<key>614F49A71A8FFD4300E6245A</key>
		<dict>
			<key>fileRef</key>
			<string>614F49A61A8FFD4300E6245A</string>
			<key>isa</key>
			<string>PBXBuildFile</string>
		</dict>
		<key>6172E1FF1A97C49200F17629</key>
		<dict>
			<key>fileRef</key>
			<string>28E654811A60C1AD006E76E5</string>
			<key>isa</key>
			<string>PBXBuildFile</string>
		</dict>
		<key>618CE0131A76F4A400FF493C</key>
		<dict>
			<key>fileEncoding</key>
			<string>4</string>
			<key>isa</key>
			<string>PBXFileReference</string>
			<key>lastKnownFileType</key>
			<string>sourcecode.swift</string>
			<key>path</key>
			<string>EventView.swift</string>
			<key>sourceTree</key>
			<string>&lt;group&gt;</string>
		</dict>
		<key>6199B0BF1A97E3C40091F9A6</key>
		<dict>
			<key>fileEncoding</key>
			<string>4</string>
			<key>isa</key>
			<string>PBXFileReference</string>
			<key>lastKnownFileType</key>
			<string>sourcecode.swift</string>
			<key>path</key>
			<string>profileCell.swift</string>
			<key>sourceTree</key>
			<string>&lt;group&gt;</string>
		</dict>
		<key>6199B0C01A97E3C40091F9A6</key>
		<dict>
			<key>fileRef</key>
			<string>6199B0BF1A97E3C40091F9A6</string>
			<key>isa</key>
			<string>PBXBuildFile</string>
		</dict>
		<key>61A4E77B1A7E7A690041FB13</key>
		<dict>
			<key>fileEncoding</key>
			<string>4</string>
			<key>isa</key>
			<string>PBXFileReference</string>
			<key>lastKnownFileType</key>
			<string>sourcecode.swift</string>
			<key>path</key>
			<string>userprofile.swift</string>
			<key>sourceTree</key>
			<string>&lt;group&gt;</string>
		</dict>
		<key>61A4E77C1A7E7A690041FB13</key>
		<dict>
			<key>fileRef</key>
			<string>61A4E77B1A7E7A690041FB13</string>
			<key>isa</key>
			<string>PBXBuildFile</string>
		</dict>
		<key>61A4E77F1A7E84920041FB13</key>
		<dict>
			<key>fileRef</key>
			<string>28277E771A4B1D0E001CCB02</string>
			<key>isa</key>
			<string>PBXBuildFile</string>
		</dict>
		<key>61AFFF4C1A7ED66300858273</key>
		<dict>
			<key>fileEncoding</key>
			<string>4</string>
			<key>isa</key>
			<string>PBXFileReference</string>
			<key>lastKnownFileType</key>
			<string>sourcecode.swift</string>
			<key>path</key>
			<string>FollowCell.swift</string>
			<key>sourceTree</key>
			<string>&lt;group&gt;</string>
		</dict>
		<key>61AFFF4E1A7ED7C400858273</key>
		<dict>
			<key>fileEncoding</key>
			<string>4</string>
			<key>isa</key>
			<string>PBXFileReference</string>
			<key>lastKnownFileType</key>
			<string>sourcecode.swift</string>
			<key>path</key>
			<string>subscriberlist.swift</string>
			<key>sourceTree</key>
			<string>&lt;group&gt;</string>
		</dict>
		<key>61AFFF4F1A7ED7C400858273</key>
		<dict>
			<key>fileRef</key>
			<string>61AFFF4E1A7ED7C400858273</string>
			<key>isa</key>
			<string>PBXBuildFile</string>
		</dict>
		<key>61AFFF501A7EE2AD00858273</key>
		<dict>
			<key>fileEncoding</key>
			<string>4</string>
			<key>isa</key>
			<string>PBXFileReference</string>
			<key>lastKnownFileType</key>
			<string>sourcecode.swift</string>
			<key>path</key>
			<string>subscriptions.swift</string>
			<key>sourceTree</key>
			<string>&lt;group&gt;</string>
		</dict>
		<key>61AFFF511A7EE2AD00858273</key>
		<dict>
			<key>fileRef</key>
			<string>61AFFF501A7EE2AD00858273</string>
			<key>isa</key>
			<string>PBXBuildFile</string>
		</dict>
		<key>61AFFF521A7EE6A800858273</key>
		<dict>
			<key>fileEncoding</key>
			<string>4</string>
			<key>isa</key>
			<string>PBXFileReference</string>
			<key>lastKnownFileType</key>
			<string>sourcecode.swift</string>
			<key>path</key>
			<string>datepickers.swift</string>
			<key>sourceTree</key>
			<string>&lt;group&gt;</string>
		</dict>
		<key>61AFFF531A7EE6A800858273</key>
		<dict>
			<key>fileRef</key>
			<string>61AFFF521A7EE6A800858273</string>
			<key>isa</key>
			<string>PBXBuildFile</string>
		</dict>
		<key>61B451541A9EB74200285930</key>
		<dict>
			<key>isa</key>
			<string>PBXFileReference</string>
			<key>lastKnownFileType</key>
			<string>wrapper.framework</string>
			<key>path</key>
			<string>FacebookSDK.framework</string>
			<key>sourceTree</key>
			<string>&lt;group&gt;</string>
		</dict>
		<key>61B451551A9EB74200285930</key>
		<dict>
			<key>fileRef</key>
			<string>61B451541A9EB74200285930</string>
			<key>isa</key>
			<string>PBXBuildFile</string>
		</dict>
		<key>61B451561A9EB7C900285930</key>
		<dict>
			<key>isa</key>
			<string>PBXFileReference</string>
			<key>lastKnownFileType</key>
			<string>wrapper.framework</string>
			<key>path</key>
			<string>ParseFacebookUtils.framework</string>
			<key>sourceTree</key>
			<string>&lt;group&gt;</string>
		</dict>
		<key>61B451571A9EB7C900285930</key>
		<dict>
			<key>fileRef</key>
			<string>61B451561A9EB7C900285930</string>
			<key>isa</key>
			<string>PBXBuildFile</string>
		</dict>
		<key>61B634C71A7F1E5F00139F60</key>
		<dict>
			<key>fileRef</key>
			<string>61AFFF4C1A7ED66300858273</string>
			<key>isa</key>
			<string>PBXBuildFile</string>
		</dict>
		<key>61BFF8201A8FDF6C00E2D059</key>
		<dict>
			<key>fileEncoding</key>
			<string>4</string>
			<key>isa</key>
			<string>PBXFileReference</string>
			<key>lastKnownFileType</key>
			<string>sourcecode.swift</string>
			<key>path</key>
			<string>notificationsView.swift</string>
			<key>sourceTree</key>
			<string>&lt;group&gt;</string>
		</dict>
		<key>61BFF8211A8FDF6C00E2D059</key>
		<dict>
			<key>fileRef</key>
			<string>61BFF8201A8FDF6C00E2D059</string>
			<key>isa</key>
			<string>PBXBuildFile</string>
		</dict>
		<key>61D597701A7499CB009A4ECE</key>
		<dict>
			<key>fileRef</key>
			<string>613069F11A745289001CAF4F</string>
			<key>isa</key>
			<string>PBXBuildFile</string>
		</dict>
		<key>61EA5F621A91891B002B1998</key>
		<dict>
			<key>fileRef</key>
			<string>28E6547D1A60B9C8006E76E5</string>
			<key>isa</key>
			<string>PBXBuildFile</string>
		</dict>
		<key>61EA5F631A918E00002B1998</key>
		<dict>
			<key>fileEncoding</key>
			<string>4</string>
			<key>isa</key>
			<string>PBXFileReference</string>
			<key>lastKnownFileType</key>
			<string>sourcecode.swift</string>
			<key>path</key>
			<string>settingsView.swift</string>
			<key>sourceTree</key>
			<string>&lt;group&gt;</string>
		</dict>
		<key>61EA5F641A918E00002B1998</key>
		<dict>
			<key>fileRef</key>
			<string>61EA5F631A918E00002B1998</string>
			<key>isa</key>
			<string>PBXBuildFile</string>
		</dict>
		<key>61F70F4E1A842C7400956DD3</key>
		<dict>
			<key>fileRef</key>
			<string>618CE0131A76F4A400FF493C</string>
			<key>isa</key>
			<string>PBXBuildFile</string>
		</dict>
		<key>B9FAADC1774AEBCBAA29D0E8</key>
		<dict>
			<key>children</key>
			<array>
				<string>BFF64F43CD26D75E1C820539</string>
				<string>D15603B83CDC98572D79F2CD</string>
			</array>
			<key>isa</key>
			<string>PBXGroup</string>
			<key>name</key>
			<string>Pods</string>
			<key>sourceTree</key>
			<string>&lt;group&gt;</string>
		</dict>
		<key>BFF64F43CD26D75E1C820539</key>
		<dict>
			<key>includeInIndex</key>
			<string>1</string>
			<key>isa</key>
			<string>PBXFileReference</string>
			<key>lastKnownFileType</key>
			<string>text.xcconfig</string>
			<key>name</key>
			<string>Pods.debug.xcconfig</string>
			<key>path</key>
			<string>UinProto2/Pods/Target Support Files/Pods/Pods.debug.xcconfig</string>
			<key>sourceTree</key>
			<string>&lt;group&gt;</string>
		</dict>
		<key>CE893B16E1A0D72BE6FC7F44</key>
		<dict>
			<key>children</key>
			<array>
				<string>61144F211AA29A010034018A</string>
				<string>61144F1F1AA299F50034018A</string>
				<string>61144F1D1AA299EC0034018A</string>
				<string>119BEED4DA993FF18EDC1A66</string>
			</array>
			<key>isa</key>
			<string>PBXGroup</string>
			<key>name</key>
			<string>Frameworks</string>
			<key>sourceTree</key>
			<string>&lt;group&gt;</string>
		</dict>
		<key>D15603B83CDC98572D79F2CD</key>
		<dict>
			<key>includeInIndex</key>
			<string>1</string>
			<key>isa</key>
			<string>PBXFileReference</string>
			<key>lastKnownFileType</key>
			<string>text.xcconfig</string>
			<key>name</key>
			<string>Pods.release.xcconfig</string>
			<key>path</key>
			<string>UinProto2/Pods/Target Support Files/Pods/Pods.release.xcconfig</string>
			<key>sourceTree</key>
			<string>&lt;group&gt;</string>
		</dict>
	</dict>
	<key>rootObject</key>
	<string>28277E271A4B115E001CCB02</string>
</dict>
</plist>
